
Microsoft Visual Studio Solution File, Format Version 12.00
# Visual Studio 14
VisualStudioVersion = 14.0.25420.1
MinimumVisualStudioVersion = 10.0.40219.1
Project("{2150E333-8FDC-42A3-9474-1A3956D46DE8}") = "GestaoEscolar", "GestaoEscolar", "{2074C2EA-162E-45D5-8610-8C74A1CF4EE3}"
EndProject
Project("{2150E333-8FDC-42A3-9474-1A3956D46DE8}") = "Classes do Banco de Dados", "Classes do Banco de Dados", "{B7FCEF1D-5F88-4B47-952A-73C6215F743D}"
EndProject
Project("{2150E333-8FDC-42A3-9474-1A3956D46DE8}") = "Infra", "Infra", "{EF63A122-E303-49A0-BB89-05D7E6B89E49}"
EndProject
Project("{2150E333-8FDC-42A3-9474-1A3956D46DE8}") = "Web Application", "Web Application", "{9D9FCAB2-B05C-483E-8AAE-636E5F8E8849}"
EndProject
Project("{2150E333-8FDC-42A3-9474-1A3956D46DE8}") = "_External_Dependencies", "_External_Dependencies", "{631078D9-D45E-4590-9BA8-00A74731EE8D}"
	ProjectSection(SolutionItems) = preProject
		_External_Dependencies\MSTech.Rest.Core.dll = _External_Dependencies\MSTech.Rest.Core.dll
		_External_Dependencies\Office.Excel.Helper.dll = _External_Dependencies\Office.Excel.Helper.dll
	EndProjectSection
EndProject
Project("{2150E333-8FDC-42A3-9474-1A3956D46DE8}") = "Serviços", "Serviços", "{6B734CAA-5F81-46B3-BB95-6181FFEDB15D}"
EndProject
Project("{2150E333-8FDC-42A3-9474-1A3956D46DE8}") = "Arquivos Code Analysis", "Arquivos Code Analysis", "{7FBAF47D-9F8D-4CCC-9B09-59D04BA5E5FB}"
	ProjectSection(SolutionItems) = preProject
		RuleSet.ruleset = RuleSet.ruleset
	EndProjectSection
EndProject
Project("{2150E333-8FDC-42A3-9474-1A3956D46DE8}") = "DevExpress", "DevExpress", "{6BB6855D-092B-4874-B4FC-6C533EFDF146}"
	ProjectSection(SolutionItems) = preProject
		_External_Dependencies\DevExpress\DevExpress.Charts.v16.1.Core.dll = _External_Dependencies\DevExpress\DevExpress.Charts.v16.1.Core.dll
		_External_Dependencies\DevExpress\DevExpress.Data.v16.1.dll = _External_Dependencies\DevExpress\DevExpress.Data.v16.1.dll
		_External_Dependencies\DevExpress\DevExpress.Office.v16.1.Core.dll = _External_Dependencies\DevExpress\DevExpress.Office.v16.1.Core.dll
		_External_Dependencies\DevExpress\DevExpress.Pdf.v16.1.Core.dll = _External_Dependencies\DevExpress\DevExpress.Pdf.v16.1.Core.dll
		_External_Dependencies\DevExpress\DevExpress.Printing.v16.1.Core.dll = _External_Dependencies\DevExpress\DevExpress.Printing.v16.1.Core.dll
		_External_Dependencies\DevExpress\DevExpress.RichEdit.v16.1.Core.dll = _External_Dependencies\DevExpress\DevExpress.RichEdit.v16.1.Core.dll
		_External_Dependencies\DevExpress\DevExpress.Utils.v16.1.dll = _External_Dependencies\DevExpress\DevExpress.Utils.v16.1.dll
		_External_Dependencies\DevExpress\DevExpress.Web.ASPxHtmlEditor.v16.1.dll = _External_Dependencies\DevExpress\DevExpress.Web.ASPxHtmlEditor.v16.1.dll
		_External_Dependencies\DevExpress\DevExpress.Web.Resources.v16.1.dll = _External_Dependencies\DevExpress\DevExpress.Web.Resources.v16.1.dll
		_External_Dependencies\DevExpress\DevExpress.Web.v16.1.dll = _External_Dependencies\DevExpress\DevExpress.Web.v16.1.dll
		_External_Dependencies\DevExpress\DevExpress.XtraCharts.v16.1.dll = _External_Dependencies\DevExpress\DevExpress.XtraCharts.v16.1.dll
		_External_Dependencies\DevExpress\DevExpress.XtraEditors.v16.1.dll = _External_Dependencies\DevExpress\DevExpress.XtraEditors.v16.1.dll
		_External_Dependencies\DevExpress\DevExpress.XtraReports.v16.1.dll = _External_Dependencies\DevExpress\DevExpress.XtraReports.v16.1.dll
		_External_Dependencies\DevExpress\DevExpress.XtraReports.v16.1.Extensions.dll = _External_Dependencies\DevExpress\DevExpress.XtraReports.v16.1.Extensions.dll
		_External_Dependencies\DevExpress\DevExpress.XtraReports.v16.1.Web.dll = _External_Dependencies\DevExpress\DevExpress.XtraReports.v16.1.Web.dll
	EndProjectSection
EndProject
Project("{2150E333-8FDC-42A3-9474-1A3956D46DE8}") = "Relatórios", "Relatórios", "{7D892730-ACAA-419E-A7CC-362B09A7F982}"
EndProject
Project("{2150E333-8FDC-42A3-9474-1A3956D46DE8}") = "Database", "Database", "{CD0D5A5D-5F68-47D0-8189-0D0926C71293}"
EndProject
Project("{2150E333-8FDC-42A3-9474-1A3956D46DE8}") = "Infrastructure", "Infrastructure", "{B3B9995A-3F0F-4B57-9B8D-51DCC750412B}"
EndProject
Project("{2150E333-8FDC-42A3-9474-1A3956D46DE8}") = "Caching", "Caching", "{CCDABCF8-E687-49E0-9624-522ECA6CADA5}"
EndProject
Project("{2150E333-8FDC-42A3-9474-1A3956D46DE8}") = "Serializers", "Serializers", "{E9662187-3AE6-414C-B8AC-2688D3158419}"
EndProject
Project("{FAE04EC0-301F-11D3-BF4B-00C04F79EFBC}") = "MSTechLibrary", "MSTechLibrary\MSTechLibrary.csproj", "{59BD721A-A2A7-458E-9976-1EF19B2768D3}"
	ProjectSection(ProjectDependencies) = postProject
		{1C0C0417-1689-48C9-A95E-7E7F8FD85463} = {1C0C0417-1689-48C9-A95E-7E7F8FD85463}
		{1DC26E20-22F9-4197-BA74-677B5882F203} = {1DC26E20-22F9-4197-BA74-677B5882F203}
		{22D3484A-88D9-406E-A724-9F670A026E1B} = {22D3484A-88D9-406E-A724-9F670A026E1B}
		{9C22F480-D173-413A-843D-5A4799484DB3} = {9C22F480-D173-413A-843D-5A4799484DB3}
		{D48011AA-467F-40F1-9EE2-788712159152} = {D48011AA-467F-40F1-9EE2-788712159152}
		{4147A1CA-4783-4718-8A5D-79AFA3CB93B5} = {4147A1CA-4783-4718-8A5D-79AFA3CB93B5}
		{566A89E0-BFC1-4EEA-8FA0-C590E2FB48BA} = {566A89E0-BFC1-4EEA-8FA0-C590E2FB48BA}
		{FA6964EB-E31C-406F-A1D5-A15482CE71D6} = {FA6964EB-E31C-406F-A1D5-A15482CE71D6}
		{74C351F6-E215-4BC5-8BAC-FC2AC147BCE4} = {74C351F6-E215-4BC5-8BAC-FC2AC147BCE4}
	EndProjectSection
EndProject
Project("{FAE04EC0-301F-11D3-BF4B-00C04F79EFBC}") = "MSTech.GestaoEscolar.DAL", "MSTech.GestaoEscolar.DAL\MSTech.GestaoEscolar.DAL.csproj", "{4147A1CA-4783-4718-8A5D-79AFA3CB93B5}"
EndProject
Project("{FAE04EC0-301F-11D3-BF4B-00C04F79EFBC}") = "MSTech.GestaoEscolar.Entities", "MSTech.GestaoEscolar.Entities\MSTech.GestaoEscolar.Entities.csproj", "{FA6964EB-E31C-406F-A1D5-A15482CE71D6}"
EndProject
Project("{FAE04EC0-301F-11D3-BF4B-00C04F79EFBC}") = "MSTech.GestaoEscolar.BLL", "MSTech.GestaoEscolar.BLL\MSTech.GestaoEscolar.BLL.csproj", "{9C22F480-D173-413A-843D-5A4799484DB3}"
EndProject
Project("{FAE04EC0-301F-11D3-BF4B-00C04F79EFBC}") = "MSTech.GestaoEscolar.Web.WebProject", "MSTech.GestaoEscolar.Web.WebProject\MSTech.GestaoEscolar.Web.WebProject.csproj", "{566A89E0-BFC1-4EEA-8FA0-C590E2FB48BA}"
EndProject
Project("{FAE04EC0-301F-11D3-BF4B-00C04F79EFBC}") = "GestaoEscolar", "GestaoEscolar\GestaoEscolar.csproj", "{8D787279-CA20-4E56-81BE-80C962AE9B3E}"
EndProject
Project("{FAE04EC0-301F-11D3-BF4B-00C04F79EFBC}") = "MSQuartz.Core", "MSQuartz.Core\MSQuartz.Core.csproj", "{9382E234-40E3-40D1-9A6F-5EF63CF09C90}"
EndProject
Project("{FAE04EC0-301F-11D3-BF4B-00C04F79EFBC}") = "MSTech.GestaoEscolar.Jobs", "MSTech.GestaoEscolar.Jobs\MSTech.GestaoEscolar.Jobs.csproj", "{74C351F6-E215-4BC5-8BAC-FC2AC147BCE4}"
EndProject
Project("{FAE04EC0-301F-11D3-BF4B-00C04F79EFBC}") = "GestaoEscolarServerScheduler", "GestaoEscolarServerScheduler\GestaoEscolarServerScheduler.csproj", "{22D3484A-88D9-406E-A724-9F670A026E1B}"
EndProject
Project("{FAE04EC0-301F-11D3-BF4B-00C04F79EFBC}") = "GestaoAcademica.WebApi", "GestaoAcademica.WebApi\GestaoAcademica.WebApi.csproj", "{D48011AA-467F-40F1-9EE2-788712159152}"
EndProject
Project("{FAE04EC0-301F-11D3-BF4B-00C04F79EFBC}") = "MSTech.GestaoEscolar.RelatoriosDevExpress", "MSTech.GestaoEscolar.RelatoriosDevExpress\MSTech.GestaoEscolar.RelatoriosDevExpress.csproj", "{1C0C0417-1689-48C9-A95E-7E7F8FD85463}"
EndProject
Project("{FAE04EC0-301F-11D3-BF4B-00C04F79EFBC}") = "AreaAluno", "AreaAluno\AreaAluno.csproj", "{B1A30168-7626-4AA2-8DFA-0C48E91954C0}"
EndProject
Project("{FAE04EC0-301F-11D3-BF4B-00C04F79EFBC}") = "MSTech.GestaoEscolar.ObjetosSincronizacao", "MSTech.GestaoEscolar.ObjetosSincronizacao\MSTech.GestaoEscolar.ObjetosSincronizacao.csproj", "{1DC26E20-22F9-4197-BA74-677B5882F203}"
EndProject
Project("{FAE04EC0-301F-11D3-BF4B-00C04F79EFBC}") = "MSTech.GestaoEscolar.CustomResourceProviders", "MSTech.GestaoEscolar.CustomResourceProviders\MSTech.GestaoEscolar.CustomResourceProviders.csproj", "{1CF1E620-6B79-4958-AD24-C6C0D9F8D372}"
EndProject
Project("{FAE04EC0-301F-11D3-BF4B-00C04F79EFBC}") = "MStech.Infrastructure", "MStech.Infrastructure\MStech.Infrastructure.csproj", "{013609F4-D499-47D6-AA44-83B9F796F051}"
EndProject
Project("{FAE04EC0-301F-11D3-BF4B-00C04F79EFBC}") = "MStech.Infrastructure.Caching.Memory", "MStech.Infrastructure.Caching.Memory\MStech.Infrastructure.Caching.Memory.csproj", "{B5AC608F-D85A-469A-BCBA-A398C8805DEE}"
EndProject
Project("{FAE04EC0-301F-11D3-BF4B-00C04F79EFBC}") = "SetupMultiInstanceGestaoEscolarServerScheduler", "SetupMultiInstanceGestaoEscolarServerScheduler\SetupMultiInstanceGestaoEscolarServerScheduler.csproj", "{C577C0C8-9482-42AE-8AD2-D704ED17EB2C}"
EndProject
Project("{FAE04EC0-301F-11D3-BF4B-00C04F79EFBC}") = "CoreSSO.Database", "CoreSSO.Database\CoreSSO.Database.csproj", "{75471803-1DEC-44AE-8699-DAFE1334BFBF}"
EndProject
Project("{FAE04EC0-301F-11D3-BF4B-00C04F79EFBC}") = "DbUpdater", "DbUpdater\DbUpdater.csproj", "{556E9FB5-CD7A-4ED6-8E58-4CB456CEB8BB}"
EndProject
Project("{FAE04EC0-301F-11D3-BF4B-00C04F79EFBC}") = "SGP.Database", "SGP.Database\SGP.Database.csproj", "{EADF70C0-7FF0-4292-BE9E-632369BB053A}"
EndProject
Project("{FAE04EC0-301F-11D3-BF4B-00C04F79EFBC}") = "GestaoEscolar.Api", "GestaoEscolar.Api\GestaoEscolar.Api.csproj", "{6376EB97-0276-4C31-BA63-62B2D8FA6A72}"
EndProject
Project("{FAE04EC0-301F-11D3-BF4B-00C04F79EFBC}") = "TestesConsole", "TestesConsole\TestesConsole.csproj", "{DB9F6A76-6F76-47AE-8B4A-76D841E3593D}"
EndProject
Global
	GlobalSection(SolutionConfigurationPlatforms) = preSolution
		Debug|Any CPU = Debug|Any CPU
		Debug|Mixed Platforms = Debug|Mixed Platforms
		Debug|x86 = Debug|x86
		DebugLocal|Any CPU = DebugLocal|Any CPU
		DebugLocal|Mixed Platforms = DebugLocal|Mixed Platforms
		DebugLocal|x86 = DebugLocal|x86
		GestaoEscolar|Any CPU = GestaoEscolar|Any CPU
		GestaoEscolar|Mixed Platforms = GestaoEscolar|Mixed Platforms
		GestaoEscolar|x86 = GestaoEscolar|x86
		Release Serviços|Any CPU = Release Serviços|Any CPU
		Release Serviços|Mixed Platforms = Release Serviços|Mixed Platforms
		Release Serviços|x86 = Release Serviços|x86
		Release|Any CPU = Release|Any CPU
		Release|Mixed Platforms = Release|Mixed Platforms
		Release|x86 = Release|x86
		ReleaseAlunos|Any CPU = ReleaseAlunos|Any CPU
		ReleaseAlunos|Mixed Platforms = ReleaseAlunos|Mixed Platforms
		ReleaseAlunos|x86 = ReleaseAlunos|x86
	EndGlobalSection
	GlobalSection(ProjectConfigurationPlatforms) = postSolution
		{59BD721A-A2A7-458E-9976-1EF19B2768D3}.Debug|Any CPU.ActiveCfg = Debug|Any CPU
		{59BD721A-A2A7-458E-9976-1EF19B2768D3}.Debug|Mixed Platforms.ActiveCfg = Debug|Any CPU
		{59BD721A-A2A7-458E-9976-1EF19B2768D3}.Debug|Mixed Platforms.Build.0 = Debug|Any CPU
		{59BD721A-A2A7-458E-9976-1EF19B2768D3}.Debug|x86.ActiveCfg = Debug|Any CPU
		{59BD721A-A2A7-458E-9976-1EF19B2768D3}.Debug|x86.Build.0 = Debug|Any CPU
		{59BD721A-A2A7-458E-9976-1EF19B2768D3}.DebugLocal|Any CPU.ActiveCfg = Debug|Any CPU
		{59BD721A-A2A7-458E-9976-1EF19B2768D3}.DebugLocal|Mixed Platforms.ActiveCfg = Debug|Any CPU
		{59BD721A-A2A7-458E-9976-1EF19B2768D3}.DebugLocal|Mixed Platforms.Build.0 = Debug|Any CPU
		{59BD721A-A2A7-458E-9976-1EF19B2768D3}.DebugLocal|x86.ActiveCfg = Debug|Any CPU
		{59BD721A-A2A7-458E-9976-1EF19B2768D3}.GestaoEscolar|Any CPU.ActiveCfg = Release|Any CPU
		{59BD721A-A2A7-458E-9976-1EF19B2768D3}.GestaoEscolar|Mixed Platforms.ActiveCfg = Release|Any CPU
		{59BD721A-A2A7-458E-9976-1EF19B2768D3}.GestaoEscolar|Mixed Platforms.Build.0 = Release|Any CPU
		{59BD721A-A2A7-458E-9976-1EF19B2768D3}.GestaoEscolar|x86.ActiveCfg = Release|Any CPU
		{59BD721A-A2A7-458E-9976-1EF19B2768D3}.Release Serviços|Any CPU.ActiveCfg = Release Serviços|Any CPU
		{59BD721A-A2A7-458E-9976-1EF19B2768D3}.Release Serviços|Mixed Platforms.ActiveCfg = Release Serviços|Any CPU
		{59BD721A-A2A7-458E-9976-1EF19B2768D3}.Release Serviços|x86.ActiveCfg = Release Serviços|Any CPU
		{59BD721A-A2A7-458E-9976-1EF19B2768D3}.Release|Any CPU.ActiveCfg = Release|Any CPU
		{59BD721A-A2A7-458E-9976-1EF19B2768D3}.Release|Mixed Platforms.ActiveCfg = Release|Any CPU
		{59BD721A-A2A7-458E-9976-1EF19B2768D3}.Release|x86.ActiveCfg = Release|Any CPU
		{59BD721A-A2A7-458E-9976-1EF19B2768D3}.ReleaseAlunos|Any CPU.ActiveCfg = ReleaseAlunos|Any CPU
		{59BD721A-A2A7-458E-9976-1EF19B2768D3}.ReleaseAlunos|Mixed Platforms.ActiveCfg = ReleaseAlunos|Any CPU
		{59BD721A-A2A7-458E-9976-1EF19B2768D3}.ReleaseAlunos|Mixed Platforms.Build.0 = ReleaseAlunos|Any CPU
		{59BD721A-A2A7-458E-9976-1EF19B2768D3}.ReleaseAlunos|x86.ActiveCfg = ReleaseAlunos|Any CPU
		{4147A1CA-4783-4718-8A5D-79AFA3CB93B5}.Debug|Any CPU.ActiveCfg = Debug|Any CPU
		{4147A1CA-4783-4718-8A5D-79AFA3CB93B5}.Debug|Any CPU.Build.0 = Debug|Any CPU
		{4147A1CA-4783-4718-8A5D-79AFA3CB93B5}.Debug|Mixed Platforms.ActiveCfg = Debug|Any CPU
		{4147A1CA-4783-4718-8A5D-79AFA3CB93B5}.Debug|Mixed Platforms.Build.0 = Debug|Any CPU
		{4147A1CA-4783-4718-8A5D-79AFA3CB93B5}.Debug|x86.ActiveCfg = Debug|Any CPU
		{4147A1CA-4783-4718-8A5D-79AFA3CB93B5}.Debug|x86.Build.0 = Debug|Any CPU
		{4147A1CA-4783-4718-8A5D-79AFA3CB93B5}.DebugLocal|Any CPU.ActiveCfg = Debug|Any CPU
		{4147A1CA-4783-4718-8A5D-79AFA3CB93B5}.DebugLocal|Any CPU.Build.0 = Debug|Any CPU
		{4147A1CA-4783-4718-8A5D-79AFA3CB93B5}.DebugLocal|Mixed Platforms.ActiveCfg = Debug|Any CPU
		{4147A1CA-4783-4718-8A5D-79AFA3CB93B5}.DebugLocal|Mixed Platforms.Build.0 = Debug|Any CPU
		{4147A1CA-4783-4718-8A5D-79AFA3CB93B5}.DebugLocal|x86.ActiveCfg = Debug|Any CPU
		{4147A1CA-4783-4718-8A5D-79AFA3CB93B5}.GestaoEscolar|Any CPU.ActiveCfg = Release|Any CPU
		{4147A1CA-4783-4718-8A5D-79AFA3CB93B5}.GestaoEscolar|Any CPU.Build.0 = Release|Any CPU
		{4147A1CA-4783-4718-8A5D-79AFA3CB93B5}.GestaoEscolar|Mixed Platforms.ActiveCfg = Release|Any CPU
		{4147A1CA-4783-4718-8A5D-79AFA3CB93B5}.GestaoEscolar|Mixed Platforms.Build.0 = Release|Any CPU
		{4147A1CA-4783-4718-8A5D-79AFA3CB93B5}.GestaoEscolar|x86.ActiveCfg = Release|Any CPU
		{4147A1CA-4783-4718-8A5D-79AFA3CB93B5}.Release Serviços|Any CPU.ActiveCfg = Release Serviços|Any CPU
		{4147A1CA-4783-4718-8A5D-79AFA3CB93B5}.Release Serviços|Any CPU.Build.0 = Release Serviços|Any CPU
		{4147A1CA-4783-4718-8A5D-79AFA3CB93B5}.Release Serviços|Mixed Platforms.ActiveCfg = Release Serviços|Any CPU
		{4147A1CA-4783-4718-8A5D-79AFA3CB93B5}.Release Serviços|Mixed Platforms.Build.0 = Release Serviços|Any CPU
		{4147A1CA-4783-4718-8A5D-79AFA3CB93B5}.Release Serviços|x86.ActiveCfg = Release Serviços|Any CPU
		{4147A1CA-4783-4718-8A5D-79AFA3CB93B5}.Release|Any CPU.ActiveCfg = Release|Any CPU
		{4147A1CA-4783-4718-8A5D-79AFA3CB93B5}.Release|Any CPU.Build.0 = Release|Any CPU
		{4147A1CA-4783-4718-8A5D-79AFA3CB93B5}.Release|Mixed Platforms.ActiveCfg = Release|Any CPU
		{4147A1CA-4783-4718-8A5D-79AFA3CB93B5}.Release|Mixed Platforms.Build.0 = Release|Any CPU
		{4147A1CA-4783-4718-8A5D-79AFA3CB93B5}.Release|x86.ActiveCfg = Release|Any CPU
		{4147A1CA-4783-4718-8A5D-79AFA3CB93B5}.ReleaseAlunos|Any CPU.ActiveCfg = ReleaseAlunos|Any CPU
		{4147A1CA-4783-4718-8A5D-79AFA3CB93B5}.ReleaseAlunos|Any CPU.Build.0 = ReleaseAlunos|Any CPU
		{4147A1CA-4783-4718-8A5D-79AFA3CB93B5}.ReleaseAlunos|Mixed Platforms.ActiveCfg = ReleaseAlunos|Any CPU
		{4147A1CA-4783-4718-8A5D-79AFA3CB93B5}.ReleaseAlunos|Mixed Platforms.Build.0 = ReleaseAlunos|Any CPU
		{4147A1CA-4783-4718-8A5D-79AFA3CB93B5}.ReleaseAlunos|x86.ActiveCfg = ReleaseAlunos|Any CPU
		{FA6964EB-E31C-406F-A1D5-A15482CE71D6}.Debug|Any CPU.ActiveCfg = Debug|Any CPU
		{FA6964EB-E31C-406F-A1D5-A15482CE71D6}.Debug|Any CPU.Build.0 = Debug|Any CPU
		{FA6964EB-E31C-406F-A1D5-A15482CE71D6}.Debug|Mixed Platforms.ActiveCfg = Debug|Any CPU
		{FA6964EB-E31C-406F-A1D5-A15482CE71D6}.Debug|Mixed Platforms.Build.0 = Debug|Any CPU
		{FA6964EB-E31C-406F-A1D5-A15482CE71D6}.Debug|x86.ActiveCfg = Debug|Any CPU
		{FA6964EB-E31C-406F-A1D5-A15482CE71D6}.Debug|x86.Build.0 = Debug|Any CPU
		{FA6964EB-E31C-406F-A1D5-A15482CE71D6}.DebugLocal|Any CPU.ActiveCfg = Debug|Any CPU
		{FA6964EB-E31C-406F-A1D5-A15482CE71D6}.DebugLocal|Any CPU.Build.0 = Debug|Any CPU
		{FA6964EB-E31C-406F-A1D5-A15482CE71D6}.DebugLocal|Mixed Platforms.ActiveCfg = Debug|Any CPU
		{FA6964EB-E31C-406F-A1D5-A15482CE71D6}.DebugLocal|Mixed Platforms.Build.0 = Debug|Any CPU
		{FA6964EB-E31C-406F-A1D5-A15482CE71D6}.DebugLocal|x86.ActiveCfg = Debug|Any CPU
		{FA6964EB-E31C-406F-A1D5-A15482CE71D6}.GestaoEscolar|Any CPU.ActiveCfg = Release|Any CPU
		{FA6964EB-E31C-406F-A1D5-A15482CE71D6}.GestaoEscolar|Any CPU.Build.0 = Release|Any CPU
		{FA6964EB-E31C-406F-A1D5-A15482CE71D6}.GestaoEscolar|Mixed Platforms.ActiveCfg = Release|Any CPU
		{FA6964EB-E31C-406F-A1D5-A15482CE71D6}.GestaoEscolar|Mixed Platforms.Build.0 = Release|Any CPU
		{FA6964EB-E31C-406F-A1D5-A15482CE71D6}.GestaoEscolar|x86.ActiveCfg = Release|Any CPU
		{FA6964EB-E31C-406F-A1D5-A15482CE71D6}.Release Serviços|Any CPU.ActiveCfg = Release Serviços|Any CPU
		{FA6964EB-E31C-406F-A1D5-A15482CE71D6}.Release Serviços|Any CPU.Build.0 = Release Serviços|Any CPU
		{FA6964EB-E31C-406F-A1D5-A15482CE71D6}.Release Serviços|Mixed Platforms.ActiveCfg = Release Serviços|Any CPU
		{FA6964EB-E31C-406F-A1D5-A15482CE71D6}.Release Serviços|Mixed Platforms.Build.0 = Release Serviços|Any CPU
		{FA6964EB-E31C-406F-A1D5-A15482CE71D6}.Release Serviços|x86.ActiveCfg = Release Serviços|Any CPU
		{FA6964EB-E31C-406F-A1D5-A15482CE71D6}.Release|Any CPU.ActiveCfg = Release|Any CPU
		{FA6964EB-E31C-406F-A1D5-A15482CE71D6}.Release|Any CPU.Build.0 = Release|Any CPU
		{FA6964EB-E31C-406F-A1D5-A15482CE71D6}.Release|Mixed Platforms.ActiveCfg = Release|Any CPU
		{FA6964EB-E31C-406F-A1D5-A15482CE71D6}.Release|Mixed Platforms.Build.0 = Release|Any CPU
		{FA6964EB-E31C-406F-A1D5-A15482CE71D6}.Release|x86.ActiveCfg = Release|Any CPU
		{FA6964EB-E31C-406F-A1D5-A15482CE71D6}.ReleaseAlunos|Any CPU.ActiveCfg = ReleaseAlunos|Any CPU
		{FA6964EB-E31C-406F-A1D5-A15482CE71D6}.ReleaseAlunos|Any CPU.Build.0 = ReleaseAlunos|Any CPU
		{FA6964EB-E31C-406F-A1D5-A15482CE71D6}.ReleaseAlunos|Mixed Platforms.ActiveCfg = ReleaseAlunos|Any CPU
		{FA6964EB-E31C-406F-A1D5-A15482CE71D6}.ReleaseAlunos|Mixed Platforms.Build.0 = ReleaseAlunos|Any CPU
		{FA6964EB-E31C-406F-A1D5-A15482CE71D6}.ReleaseAlunos|x86.ActiveCfg = ReleaseAlunos|Any CPU
		{9C22F480-D173-413A-843D-5A4799484DB3}.Debug|Any CPU.ActiveCfg = Debug|Any CPU
		{9C22F480-D173-413A-843D-5A4799484DB3}.Debug|Any CPU.Build.0 = Debug|Any CPU
		{9C22F480-D173-413A-843D-5A4799484DB3}.Debug|Mixed Platforms.ActiveCfg = Debug|Any CPU
		{9C22F480-D173-413A-843D-5A4799484DB3}.Debug|Mixed Platforms.Build.0 = Debug|Any CPU
		{9C22F480-D173-413A-843D-5A4799484DB3}.Debug|x86.ActiveCfg = Debug|Any CPU
		{9C22F480-D173-413A-843D-5A4799484DB3}.Debug|x86.Build.0 = Debug|Any CPU
		{9C22F480-D173-413A-843D-5A4799484DB3}.DebugLocal|Any CPU.ActiveCfg = Debug|Any CPU
		{9C22F480-D173-413A-843D-5A4799484DB3}.DebugLocal|Any CPU.Build.0 = Debug|Any CPU
		{9C22F480-D173-413A-843D-5A4799484DB3}.DebugLocal|Mixed Platforms.ActiveCfg = Debug|Any CPU
		{9C22F480-D173-413A-843D-5A4799484DB3}.DebugLocal|Mixed Platforms.Build.0 = Debug|Any CPU
		{9C22F480-D173-413A-843D-5A4799484DB3}.DebugLocal|x86.ActiveCfg = Debug|Any CPU
		{9C22F480-D173-413A-843D-5A4799484DB3}.GestaoEscolar|Any CPU.ActiveCfg = Release|Any CPU
		{9C22F480-D173-413A-843D-5A4799484DB3}.GestaoEscolar|Any CPU.Build.0 = Release|Any CPU
		{9C22F480-D173-413A-843D-5A4799484DB3}.GestaoEscolar|Mixed Platforms.ActiveCfg = Release|Any CPU
		{9C22F480-D173-413A-843D-5A4799484DB3}.GestaoEscolar|Mixed Platforms.Build.0 = Release|Any CPU
		{9C22F480-D173-413A-843D-5A4799484DB3}.GestaoEscolar|x86.ActiveCfg = Release|Any CPU
		{9C22F480-D173-413A-843D-5A4799484DB3}.Release Serviços|Any CPU.ActiveCfg = Release Serviços|Any CPU
		{9C22F480-D173-413A-843D-5A4799484DB3}.Release Serviços|Any CPU.Build.0 = Release Serviços|Any CPU
		{9C22F480-D173-413A-843D-5A4799484DB3}.Release Serviços|Mixed Platforms.ActiveCfg = Release Serviços|Any CPU
		{9C22F480-D173-413A-843D-5A4799484DB3}.Release Serviços|Mixed Platforms.Build.0 = Release Serviços|Any CPU
		{9C22F480-D173-413A-843D-5A4799484DB3}.Release Serviços|x86.ActiveCfg = Release Serviços|Any CPU
		{9C22F480-D173-413A-843D-5A4799484DB3}.Release|Any CPU.ActiveCfg = Release|Any CPU
		{9C22F480-D173-413A-843D-5A4799484DB3}.Release|Any CPU.Build.0 = Release|Any CPU
		{9C22F480-D173-413A-843D-5A4799484DB3}.Release|Mixed Platforms.ActiveCfg = Release|Any CPU
		{9C22F480-D173-413A-843D-5A4799484DB3}.Release|Mixed Platforms.Build.0 = Release|Any CPU
		{9C22F480-D173-413A-843D-5A4799484DB3}.Release|x86.ActiveCfg = Release|Any CPU
		{9C22F480-D173-413A-843D-5A4799484DB3}.ReleaseAlunos|Any CPU.ActiveCfg = ReleaseAlunos|Any CPU
		{9C22F480-D173-413A-843D-5A4799484DB3}.ReleaseAlunos|Any CPU.Build.0 = ReleaseAlunos|Any CPU
		{9C22F480-D173-413A-843D-5A4799484DB3}.ReleaseAlunos|Mixed Platforms.ActiveCfg = ReleaseAlunos|Any CPU
		{9C22F480-D173-413A-843D-5A4799484DB3}.ReleaseAlunos|Mixed Platforms.Build.0 = ReleaseAlunos|Any CPU
		{9C22F480-D173-413A-843D-5A4799484DB3}.ReleaseAlunos|x86.ActiveCfg = ReleaseAlunos|Any CPU
		{566A89E0-BFC1-4EEA-8FA0-C590E2FB48BA}.Debug|Any CPU.ActiveCfg = Debug|Any CPU
		{566A89E0-BFC1-4EEA-8FA0-C590E2FB48BA}.Debug|Any CPU.Build.0 = Debug|Any CPU
		{566A89E0-BFC1-4EEA-8FA0-C590E2FB48BA}.Debug|Mixed Platforms.ActiveCfg = Debug|Any CPU
		{566A89E0-BFC1-4EEA-8FA0-C590E2FB48BA}.Debug|Mixed Platforms.Build.0 = Debug|Any CPU
		{566A89E0-BFC1-4EEA-8FA0-C590E2FB48BA}.Debug|x86.ActiveCfg = Debug|Any CPU
		{566A89E0-BFC1-4EEA-8FA0-C590E2FB48BA}.Debug|x86.Build.0 = Debug|Any CPU
		{566A89E0-BFC1-4EEA-8FA0-C590E2FB48BA}.DebugLocal|Any CPU.ActiveCfg = Debug|Any CPU
		{566A89E0-BFC1-4EEA-8FA0-C590E2FB48BA}.DebugLocal|Any CPU.Build.0 = Debug|Any CPU
		{566A89E0-BFC1-4EEA-8FA0-C590E2FB48BA}.DebugLocal|Mixed Platforms.ActiveCfg = Debug|Any CPU
		{566A89E0-BFC1-4EEA-8FA0-C590E2FB48BA}.DebugLocal|Mixed Platforms.Build.0 = Debug|Any CPU
		{566A89E0-BFC1-4EEA-8FA0-C590E2FB48BA}.DebugLocal|x86.ActiveCfg = Debug|Any CPU
		{566A89E0-BFC1-4EEA-8FA0-C590E2FB48BA}.GestaoEscolar|Any CPU.ActiveCfg = Release|Any CPU
		{566A89E0-BFC1-4EEA-8FA0-C590E2FB48BA}.GestaoEscolar|Any CPU.Build.0 = Release|Any CPU
		{566A89E0-BFC1-4EEA-8FA0-C590E2FB48BA}.GestaoEscolar|Mixed Platforms.ActiveCfg = Release|Any CPU
		{566A89E0-BFC1-4EEA-8FA0-C590E2FB48BA}.GestaoEscolar|Mixed Platforms.Build.0 = Release|Any CPU
		{566A89E0-BFC1-4EEA-8FA0-C590E2FB48BA}.GestaoEscolar|x86.ActiveCfg = Release|Any CPU
		{566A89E0-BFC1-4EEA-8FA0-C590E2FB48BA}.Release Serviços|Any CPU.ActiveCfg = Release Serviços|Any CPU
		{566A89E0-BFC1-4EEA-8FA0-C590E2FB48BA}.Release Serviços|Mixed Platforms.ActiveCfg = Release Serviços|Any CPU
		{566A89E0-BFC1-4EEA-8FA0-C590E2FB48BA}.Release Serviços|x86.ActiveCfg = Release Serviços|Any CPU
		{566A89E0-BFC1-4EEA-8FA0-C590E2FB48BA}.Release|Any CPU.ActiveCfg = Release|Any CPU
		{566A89E0-BFC1-4EEA-8FA0-C590E2FB48BA}.Release|Any CPU.Build.0 = Release|Any CPU
		{566A89E0-BFC1-4EEA-8FA0-C590E2FB48BA}.Release|Mixed Platforms.ActiveCfg = Release|Any CPU
		{566A89E0-BFC1-4EEA-8FA0-C590E2FB48BA}.Release|Mixed Platforms.Build.0 = Release|Any CPU
		{566A89E0-BFC1-4EEA-8FA0-C590E2FB48BA}.Release|x86.ActiveCfg = Release|Any CPU
		{566A89E0-BFC1-4EEA-8FA0-C590E2FB48BA}.ReleaseAlunos|Any CPU.ActiveCfg = ReleaseAlunos|Any CPU
		{566A89E0-BFC1-4EEA-8FA0-C590E2FB48BA}.ReleaseAlunos|Any CPU.Build.0 = ReleaseAlunos|Any CPU
		{566A89E0-BFC1-4EEA-8FA0-C590E2FB48BA}.ReleaseAlunos|Mixed Platforms.ActiveCfg = ReleaseAlunos|Any CPU
		{566A89E0-BFC1-4EEA-8FA0-C590E2FB48BA}.ReleaseAlunos|Mixed Platforms.Build.0 = ReleaseAlunos|Any CPU
		{566A89E0-BFC1-4EEA-8FA0-C590E2FB48BA}.ReleaseAlunos|x86.ActiveCfg = ReleaseAlunos|Any CPU
		{8D787279-CA20-4E56-81BE-80C962AE9B3E}.Debug|Any CPU.ActiveCfg = Debug|Any CPU
		{8D787279-CA20-4E56-81BE-80C962AE9B3E}.Debug|Any CPU.Build.0 = Debug|Any CPU
		{8D787279-CA20-4E56-81BE-80C962AE9B3E}.Debug|Mixed Platforms.ActiveCfg = Debug|Any CPU
		{8D787279-CA20-4E56-81BE-80C962AE9B3E}.Debug|Mixed Platforms.Build.0 = Debug|Any CPU
		{8D787279-CA20-4E56-81BE-80C962AE9B3E}.Debug|x86.ActiveCfg = Debug|Any CPU
		{8D787279-CA20-4E56-81BE-80C962AE9B3E}.Debug|x86.Build.0 = Debug|Any CPU
		{8D787279-CA20-4E56-81BE-80C962AE9B3E}.DebugLocal|Any CPU.ActiveCfg = Debug|Any CPU
		{8D787279-CA20-4E56-81BE-80C962AE9B3E}.DebugLocal|Any CPU.Build.0 = Debug|Any CPU
		{8D787279-CA20-4E56-81BE-80C962AE9B3E}.DebugLocal|Mixed Platforms.ActiveCfg = Debug|Any CPU
		{8D787279-CA20-4E56-81BE-80C962AE9B3E}.DebugLocal|Mixed Platforms.Build.0 = Debug|Any CPU
		{8D787279-CA20-4E56-81BE-80C962AE9B3E}.DebugLocal|x86.ActiveCfg = Debug|Any CPU
		{8D787279-CA20-4E56-81BE-80C962AE9B3E}.GestaoEscolar|Any CPU.ActiveCfg = Release|Any CPU
		{8D787279-CA20-4E56-81BE-80C962AE9B3E}.GestaoEscolar|Any CPU.Build.0 = Release|Any CPU
		{8D787279-CA20-4E56-81BE-80C962AE9B3E}.GestaoEscolar|Mixed Platforms.ActiveCfg = Release|Any CPU
		{8D787279-CA20-4E56-81BE-80C962AE9B3E}.GestaoEscolar|Mixed Platforms.Build.0 = Release|Any CPU
		{8D787279-CA20-4E56-81BE-80C962AE9B3E}.GestaoEscolar|x86.ActiveCfg = Release|Any CPU
		{8D787279-CA20-4E56-81BE-80C962AE9B3E}.Release Serviços|Any CPU.ActiveCfg = Release Serviços|Any CPU
		{8D787279-CA20-4E56-81BE-80C962AE9B3E}.Release Serviços|Mixed Platforms.ActiveCfg = Release Serviços|Any CPU
		{8D787279-CA20-4E56-81BE-80C962AE9B3E}.Release Serviços|x86.ActiveCfg = Release Serviços|Any CPU
		{8D787279-CA20-4E56-81BE-80C962AE9B3E}.Release|Any CPU.ActiveCfg = Release|Any CPU
		{8D787279-CA20-4E56-81BE-80C962AE9B3E}.Release|Any CPU.Build.0 = Release|Any CPU
		{8D787279-CA20-4E56-81BE-80C962AE9B3E}.Release|Mixed Platforms.ActiveCfg = Release|Any CPU
		{8D787279-CA20-4E56-81BE-80C962AE9B3E}.Release|Mixed Platforms.Build.0 = Release|Any CPU
		{8D787279-CA20-4E56-81BE-80C962AE9B3E}.Release|x86.ActiveCfg = Release|Any CPU
		{8D787279-CA20-4E56-81BE-80C962AE9B3E}.ReleaseAlunos|Any CPU.ActiveCfg = ReleaseAlunos|Any CPU
		{8D787279-CA20-4E56-81BE-80C962AE9B3E}.ReleaseAlunos|Mixed Platforms.ActiveCfg = ReleaseAlunos|Any CPU
		{8D787279-CA20-4E56-81BE-80C962AE9B3E}.ReleaseAlunos|Mixed Platforms.Build.0 = ReleaseAlunos|Any CPU
		{8D787279-CA20-4E56-81BE-80C962AE9B3E}.ReleaseAlunos|x86.ActiveCfg = ReleaseAlunos|Any CPU
		{9382E234-40E3-40D1-9A6F-5EF63CF09C90}.Debug|Any CPU.ActiveCfg = Debug|Any CPU
		{9382E234-40E3-40D1-9A6F-5EF63CF09C90}.Debug|Mixed Platforms.ActiveCfg = Debug|Any CPU
		{9382E234-40E3-40D1-9A6F-5EF63CF09C90}.Debug|Mixed Platforms.Build.0 = Debug|Any CPU
		{9382E234-40E3-40D1-9A6F-5EF63CF09C90}.Debug|x86.ActiveCfg = Debug|Any CPU
		{9382E234-40E3-40D1-9A6F-5EF63CF09C90}.Debug|x86.Build.0 = Debug|Any CPU
		{9382E234-40E3-40D1-9A6F-5EF63CF09C90}.DebugLocal|Any CPU.ActiveCfg = Debug|Any CPU
		{9382E234-40E3-40D1-9A6F-5EF63CF09C90}.DebugLocal|Any CPU.Build.0 = Debug|Any CPU
		{9382E234-40E3-40D1-9A6F-5EF63CF09C90}.DebugLocal|Mixed Platforms.ActiveCfg = Debug|Any CPU
		{9382E234-40E3-40D1-9A6F-5EF63CF09C90}.DebugLocal|Mixed Platforms.Build.0 = Debug|Any CPU
		{9382E234-40E3-40D1-9A6F-5EF63CF09C90}.DebugLocal|x86.ActiveCfg = Debug|Any CPU
		{9382E234-40E3-40D1-9A6F-5EF63CF09C90}.GestaoEscolar|Any CPU.ActiveCfg = Release|Any CPU
		{9382E234-40E3-40D1-9A6F-5EF63CF09C90}.GestaoEscolar|Any CPU.Build.0 = Release|Any CPU
		{9382E234-40E3-40D1-9A6F-5EF63CF09C90}.GestaoEscolar|Mixed Platforms.ActiveCfg = Release|Any CPU
		{9382E234-40E3-40D1-9A6F-5EF63CF09C90}.GestaoEscolar|Mixed Platforms.Build.0 = Release|Any CPU
		{9382E234-40E3-40D1-9A6F-5EF63CF09C90}.GestaoEscolar|x86.ActiveCfg = Release|Any CPU
		{9382E234-40E3-40D1-9A6F-5EF63CF09C90}.Release Serviços|Any CPU.ActiveCfg = Release Serviços|Any CPU
		{9382E234-40E3-40D1-9A6F-5EF63CF09C90}.Release Serviços|Any CPU.Build.0 = Release Serviços|Any CPU
		{9382E234-40E3-40D1-9A6F-5EF63CF09C90}.Release Serviços|Mixed Platforms.ActiveCfg = Release Serviços|Any CPU
		{9382E234-40E3-40D1-9A6F-5EF63CF09C90}.Release Serviços|Mixed Platforms.Build.0 = Release Serviços|Any CPU
		{9382E234-40E3-40D1-9A6F-5EF63CF09C90}.Release Serviços|x86.ActiveCfg = Release Serviços|Any CPU
		{9382E234-40E3-40D1-9A6F-5EF63CF09C90}.Release|Any CPU.ActiveCfg = Release|Any CPU
		{9382E234-40E3-40D1-9A6F-5EF63CF09C90}.Release|Any CPU.Build.0 = Release|Any CPU
		{9382E234-40E3-40D1-9A6F-5EF63CF09C90}.Release|Mixed Platforms.ActiveCfg = Release|Any CPU
		{9382E234-40E3-40D1-9A6F-5EF63CF09C90}.Release|Mixed Platforms.Build.0 = Release|Any CPU
		{9382E234-40E3-40D1-9A6F-5EF63CF09C90}.Release|x86.ActiveCfg = Release|Any CPU
		{9382E234-40E3-40D1-9A6F-5EF63CF09C90}.ReleaseAlunos|Any CPU.ActiveCfg = ReleaseAlunos|Any CPU
		{9382E234-40E3-40D1-9A6F-5EF63CF09C90}.ReleaseAlunos|Any CPU.Build.0 = ReleaseAlunos|Any CPU
		{9382E234-40E3-40D1-9A6F-5EF63CF09C90}.ReleaseAlunos|Mixed Platforms.ActiveCfg = ReleaseAlunos|Any CPU
		{9382E234-40E3-40D1-9A6F-5EF63CF09C90}.ReleaseAlunos|Mixed Platforms.Build.0 = ReleaseAlunos|Any CPU
		{9382E234-40E3-40D1-9A6F-5EF63CF09C90}.ReleaseAlunos|x86.ActiveCfg = ReleaseAlunos|Any CPU
		{74C351F6-E215-4BC5-8BAC-FC2AC147BCE4}.Debug|Any CPU.ActiveCfg = Debug|Any CPU
		{74C351F6-E215-4BC5-8BAC-FC2AC147BCE4}.Debug|Mixed Platforms.ActiveCfg = Debug|Any CPU
		{74C351F6-E215-4BC5-8BAC-FC2AC147BCE4}.Debug|Mixed Platforms.Build.0 = Debug|Any CPU
		{74C351F6-E215-4BC5-8BAC-FC2AC147BCE4}.Debug|x86.ActiveCfg = Debug|Any CPU
		{74C351F6-E215-4BC5-8BAC-FC2AC147BCE4}.Debug|x86.Build.0 = Debug|Any CPU
		{74C351F6-E215-4BC5-8BAC-FC2AC147BCE4}.DebugLocal|Any CPU.ActiveCfg = Debug|Any CPU
		{74C351F6-E215-4BC5-8BAC-FC2AC147BCE4}.DebugLocal|Any CPU.Build.0 = Debug|Any CPU
		{74C351F6-E215-4BC5-8BAC-FC2AC147BCE4}.DebugLocal|Mixed Platforms.ActiveCfg = Debug|Any CPU
		{74C351F6-E215-4BC5-8BAC-FC2AC147BCE4}.DebugLocal|Mixed Platforms.Build.0 = Debug|Any CPU
		{74C351F6-E215-4BC5-8BAC-FC2AC147BCE4}.DebugLocal|x86.ActiveCfg = Debug|Any CPU
		{74C351F6-E215-4BC5-8BAC-FC2AC147BCE4}.GestaoEscolar|Any CPU.ActiveCfg = Release|Any CPU
		{74C351F6-E215-4BC5-8BAC-FC2AC147BCE4}.GestaoEscolar|Any CPU.Build.0 = Release|Any CPU
		{74C351F6-E215-4BC5-8BAC-FC2AC147BCE4}.GestaoEscolar|Mixed Platforms.ActiveCfg = Release|Any CPU
		{74C351F6-E215-4BC5-8BAC-FC2AC147BCE4}.GestaoEscolar|Mixed Platforms.Build.0 = Release|Any CPU
		{74C351F6-E215-4BC5-8BAC-FC2AC147BCE4}.GestaoEscolar|x86.ActiveCfg = Release|Any CPU
		{74C351F6-E215-4BC5-8BAC-FC2AC147BCE4}.Release Serviços|Any CPU.ActiveCfg = Release Serviços|Any CPU
		{74C351F6-E215-4BC5-8BAC-FC2AC147BCE4}.Release Serviços|Any CPU.Build.0 = Release Serviços|Any CPU
		{74C351F6-E215-4BC5-8BAC-FC2AC147BCE4}.Release Serviços|Mixed Platforms.ActiveCfg = Release Serviços|Any CPU
		{74C351F6-E215-4BC5-8BAC-FC2AC147BCE4}.Release Serviços|Mixed Platforms.Build.0 = Release Serviços|Any CPU
		{74C351F6-E215-4BC5-8BAC-FC2AC147BCE4}.Release Serviços|x86.ActiveCfg = Release Serviços|Any CPU
		{74C351F6-E215-4BC5-8BAC-FC2AC147BCE4}.Release|Any CPU.ActiveCfg = Release|Any CPU
		{74C351F6-E215-4BC5-8BAC-FC2AC147BCE4}.Release|Any CPU.Build.0 = Release|Any CPU
		{74C351F6-E215-4BC5-8BAC-FC2AC147BCE4}.Release|Mixed Platforms.ActiveCfg = Release|Any CPU
		{74C351F6-E215-4BC5-8BAC-FC2AC147BCE4}.Release|Mixed Platforms.Build.0 = Release|Any CPU
		{74C351F6-E215-4BC5-8BAC-FC2AC147BCE4}.Release|x86.ActiveCfg = Release|Any CPU
		{74C351F6-E215-4BC5-8BAC-FC2AC147BCE4}.ReleaseAlunos|Any CPU.ActiveCfg = ReleaseAlunos|Any CPU
		{74C351F6-E215-4BC5-8BAC-FC2AC147BCE4}.ReleaseAlunos|Mixed Platforms.ActiveCfg = ReleaseAlunos|Any CPU
		{74C351F6-E215-4BC5-8BAC-FC2AC147BCE4}.ReleaseAlunos|Mixed Platforms.Build.0 = ReleaseAlunos|Any CPU
		{74C351F6-E215-4BC5-8BAC-FC2AC147BCE4}.ReleaseAlunos|x86.ActiveCfg = ReleaseAlunos|Any CPU
		{22D3484A-88D9-406E-A724-9F670A026E1B}.Debug|Any CPU.ActiveCfg = Debug|Any CPU
		{22D3484A-88D9-406E-A724-9F670A026E1B}.Debug|Mixed Platforms.ActiveCfg = Debug|Any CPU
		{22D3484A-88D9-406E-A724-9F670A026E1B}.Debug|Mixed Platforms.Build.0 = Debug|Any CPU
		{22D3484A-88D9-406E-A724-9F670A026E1B}.Debug|x86.ActiveCfg = Debug|Any CPU
		{22D3484A-88D9-406E-A724-9F670A026E1B}.Debug|x86.Build.0 = Debug|Any CPU
		{22D3484A-88D9-406E-A724-9F670A026E1B}.DebugLocal|Any CPU.ActiveCfg = Debug|Any CPU
		{22D3484A-88D9-406E-A724-9F670A026E1B}.DebugLocal|Any CPU.Build.0 = Debug|Any CPU
		{22D3484A-88D9-406E-A724-9F670A026E1B}.DebugLocal|Mixed Platforms.ActiveCfg = Debug|Any CPU
		{22D3484A-88D9-406E-A724-9F670A026E1B}.DebugLocal|Mixed Platforms.Build.0 = Debug|Any CPU
		{22D3484A-88D9-406E-A724-9F670A026E1B}.DebugLocal|x86.ActiveCfg = Debug|Any CPU
		{22D3484A-88D9-406E-A724-9F670A026E1B}.GestaoEscolar|Any CPU.ActiveCfg = Release|Any CPU
		{22D3484A-88D9-406E-A724-9F670A026E1B}.GestaoEscolar|Any CPU.Build.0 = Release|Any CPU
		{22D3484A-88D9-406E-A724-9F670A026E1B}.GestaoEscolar|Mixed Platforms.ActiveCfg = Release|Any CPU
		{22D3484A-88D9-406E-A724-9F670A026E1B}.GestaoEscolar|Mixed Platforms.Build.0 = Release|Any CPU
		{22D3484A-88D9-406E-A724-9F670A026E1B}.GestaoEscolar|x86.ActiveCfg = Release|Any CPU
		{22D3484A-88D9-406E-A724-9F670A026E1B}.Release Serviços|Any CPU.ActiveCfg = Release Serviços|Any CPU
		{22D3484A-88D9-406E-A724-9F670A026E1B}.Release Serviços|Any CPU.Build.0 = Release Serviços|Any CPU
		{22D3484A-88D9-406E-A724-9F670A026E1B}.Release Serviços|Mixed Platforms.ActiveCfg = Release Serviços|Any CPU
		{22D3484A-88D9-406E-A724-9F670A026E1B}.Release Serviços|Mixed Platforms.Build.0 = Release Serviços|Any CPU
		{22D3484A-88D9-406E-A724-9F670A026E1B}.Release Serviços|x86.ActiveCfg = Release Serviços|Any CPU
		{22D3484A-88D9-406E-A724-9F670A026E1B}.Release|Any CPU.ActiveCfg = Release|Any CPU
		{22D3484A-88D9-406E-A724-9F670A026E1B}.Release|Any CPU.Build.0 = Release|Any CPU
		{22D3484A-88D9-406E-A724-9F670A026E1B}.Release|Mixed Platforms.ActiveCfg = Release|Any CPU
		{22D3484A-88D9-406E-A724-9F670A026E1B}.Release|Mixed Platforms.Build.0 = Release|Any CPU
		{22D3484A-88D9-406E-A724-9F670A026E1B}.Release|x86.ActiveCfg = Release|Any CPU
		{22D3484A-88D9-406E-A724-9F670A026E1B}.ReleaseAlunos|Any CPU.ActiveCfg = ReleaseAlunos|Any CPU
		{22D3484A-88D9-406E-A724-9F670A026E1B}.ReleaseAlunos|Mixed Platforms.ActiveCfg = ReleaseAlunos|Any CPU
		{22D3484A-88D9-406E-A724-9F670A026E1B}.ReleaseAlunos|Mixed Platforms.Build.0 = ReleaseAlunos|Any CPU
		{22D3484A-88D9-406E-A724-9F670A026E1B}.ReleaseAlunos|x86.ActiveCfg = ReleaseAlunos|Any CPU
		{D48011AA-467F-40F1-9EE2-788712159152}.Debug|Any CPU.ActiveCfg = Debug|Any CPU
		{D48011AA-467F-40F1-9EE2-788712159152}.Debug|Any CPU.Build.0 = Debug|Any CPU
		{D48011AA-467F-40F1-9EE2-788712159152}.Debug|Mixed Platforms.ActiveCfg = Debug|Any CPU
		{D48011AA-467F-40F1-9EE2-788712159152}.Debug|Mixed Platforms.Build.0 = Debug|Any CPU
		{D48011AA-467F-40F1-9EE2-788712159152}.Debug|x86.ActiveCfg = Debug|Any CPU
		{D48011AA-467F-40F1-9EE2-788712159152}.Debug|x86.Build.0 = Debug|Any CPU
		{D48011AA-467F-40F1-9EE2-788712159152}.DebugLocal|Any CPU.ActiveCfg = Debug|Any CPU
		{D48011AA-467F-40F1-9EE2-788712159152}.DebugLocal|Any CPU.Build.0 = Debug|Any CPU
		{D48011AA-467F-40F1-9EE2-788712159152}.DebugLocal|Mixed Platforms.ActiveCfg = Debug|Any CPU
		{D48011AA-467F-40F1-9EE2-788712159152}.DebugLocal|Mixed Platforms.Build.0 = Debug|Any CPU
		{D48011AA-467F-40F1-9EE2-788712159152}.DebugLocal|x86.ActiveCfg = Debug|Any CPU
		{D48011AA-467F-40F1-9EE2-788712159152}.GestaoEscolar|Any CPU.ActiveCfg = Release|Any CPU
		{D48011AA-467F-40F1-9EE2-788712159152}.GestaoEscolar|Any CPU.Build.0 = Release|Any CPU
		{D48011AA-467F-40F1-9EE2-788712159152}.GestaoEscolar|Mixed Platforms.ActiveCfg = Release|Any CPU
		{D48011AA-467F-40F1-9EE2-788712159152}.GestaoEscolar|Mixed Platforms.Build.0 = Release|Any CPU
		{D48011AA-467F-40F1-9EE2-788712159152}.GestaoEscolar|x86.ActiveCfg = Release|Any CPU
		{D48011AA-467F-40F1-9EE2-788712159152}.Release Serviços|Any CPU.ActiveCfg = Release|Any CPU
		{D48011AA-467F-40F1-9EE2-788712159152}.Release Serviços|Mixed Platforms.ActiveCfg = Release|Any CPU
		{D48011AA-467F-40F1-9EE2-788712159152}.Release Serviços|x86.ActiveCfg = Release|Any CPU
		{D48011AA-467F-40F1-9EE2-788712159152}.Release|Any CPU.ActiveCfg = Release|Any CPU
		{D48011AA-467F-40F1-9EE2-788712159152}.Release|Any CPU.Build.0 = Release|Any CPU
		{D48011AA-467F-40F1-9EE2-788712159152}.Release|Mixed Platforms.ActiveCfg = Release|Any CPU
		{D48011AA-467F-40F1-9EE2-788712159152}.Release|Mixed Platforms.Build.0 = Release|Any CPU
		{D48011AA-467F-40F1-9EE2-788712159152}.Release|x86.ActiveCfg = Release|Any CPU
		{D48011AA-467F-40F1-9EE2-788712159152}.ReleaseAlunos|Any CPU.ActiveCfg = ReleaseAlunos|Any CPU
		{D48011AA-467F-40F1-9EE2-788712159152}.ReleaseAlunos|Mixed Platforms.ActiveCfg = ReleaseAlunos|Any CPU
		{D48011AA-467F-40F1-9EE2-788712159152}.ReleaseAlunos|Mixed Platforms.Build.0 = ReleaseAlunos|Any CPU
		{D48011AA-467F-40F1-9EE2-788712159152}.ReleaseAlunos|x86.ActiveCfg = ReleaseAlunos|Any CPU
		{1C0C0417-1689-48C9-A95E-7E7F8FD85463}.Debug|Any CPU.ActiveCfg = Debug|Any CPU
		{1C0C0417-1689-48C9-A95E-7E7F8FD85463}.Debug|Any CPU.Build.0 = Debug|Any CPU
		{1C0C0417-1689-48C9-A95E-7E7F8FD85463}.Debug|Mixed Platforms.ActiveCfg = Debug|Any CPU
		{1C0C0417-1689-48C9-A95E-7E7F8FD85463}.Debug|Mixed Platforms.Build.0 = Debug|Any CPU
		{1C0C0417-1689-48C9-A95E-7E7F8FD85463}.Debug|x86.ActiveCfg = Debug|Any CPU
		{1C0C0417-1689-48C9-A95E-7E7F8FD85463}.Debug|x86.Build.0 = Debug|Any CPU
		{1C0C0417-1689-48C9-A95E-7E7F8FD85463}.DebugLocal|Any CPU.ActiveCfg = Debug|Any CPU
		{1C0C0417-1689-48C9-A95E-7E7F8FD85463}.DebugLocal|Any CPU.Build.0 = Debug|Any CPU
		{1C0C0417-1689-48C9-A95E-7E7F8FD85463}.DebugLocal|Mixed Platforms.ActiveCfg = Debug|Any CPU
		{1C0C0417-1689-48C9-A95E-7E7F8FD85463}.DebugLocal|Mixed Platforms.Build.0 = Debug|Any CPU
		{1C0C0417-1689-48C9-A95E-7E7F8FD85463}.DebugLocal|x86.ActiveCfg = Debug|Any CPU
		{1C0C0417-1689-48C9-A95E-7E7F8FD85463}.GestaoEscolar|Any CPU.ActiveCfg = Release|Any CPU
		{1C0C0417-1689-48C9-A95E-7E7F8FD85463}.GestaoEscolar|Any CPU.Build.0 = Release|Any CPU
		{1C0C0417-1689-48C9-A95E-7E7F8FD85463}.GestaoEscolar|Mixed Platforms.ActiveCfg = Release|Any CPU
		{1C0C0417-1689-48C9-A95E-7E7F8FD85463}.GestaoEscolar|Mixed Platforms.Build.0 = Release|Any CPU
		{1C0C0417-1689-48C9-A95E-7E7F8FD85463}.GestaoEscolar|x86.ActiveCfg = Release|Any CPU
		{1C0C0417-1689-48C9-A95E-7E7F8FD85463}.Release Serviços|Any CPU.ActiveCfg = Release|Any CPU
		{1C0C0417-1689-48C9-A95E-7E7F8FD85463}.Release Serviços|Mixed Platforms.ActiveCfg = Release|Any CPU
		{1C0C0417-1689-48C9-A95E-7E7F8FD85463}.Release Serviços|x86.ActiveCfg = Release|Any CPU
		{1C0C0417-1689-48C9-A95E-7E7F8FD85463}.Release|Any CPU.ActiveCfg = Release|Any CPU
		{1C0C0417-1689-48C9-A95E-7E7F8FD85463}.Release|Any CPU.Build.0 = Release|Any CPU
		{1C0C0417-1689-48C9-A95E-7E7F8FD85463}.Release|Mixed Platforms.ActiveCfg = Release|Any CPU
		{1C0C0417-1689-48C9-A95E-7E7F8FD85463}.Release|Mixed Platforms.Build.0 = Release|Any CPU
		{1C0C0417-1689-48C9-A95E-7E7F8FD85463}.Release|x86.ActiveCfg = Release|Any CPU
		{1C0C0417-1689-48C9-A95E-7E7F8FD85463}.ReleaseAlunos|Any CPU.ActiveCfg = ReleaseAlunos|Any CPU
		{1C0C0417-1689-48C9-A95E-7E7F8FD85463}.ReleaseAlunos|Mixed Platforms.ActiveCfg = ReleaseAlunos|Any CPU
		{1C0C0417-1689-48C9-A95E-7E7F8FD85463}.ReleaseAlunos|Mixed Platforms.Build.0 = ReleaseAlunos|Any CPU
		{1C0C0417-1689-48C9-A95E-7E7F8FD85463}.ReleaseAlunos|x86.ActiveCfg = ReleaseAlunos|Any CPU
		{B1A30168-7626-4AA2-8DFA-0C48E91954C0}.Debug|Any CPU.ActiveCfg = Debug|Any CPU
		{B1A30168-7626-4AA2-8DFA-0C48E91954C0}.Debug|Any CPU.Build.0 = Debug|Any CPU
		{B1A30168-7626-4AA2-8DFA-0C48E91954C0}.Debug|Mixed Platforms.ActiveCfg = Debug|Any CPU
		{B1A30168-7626-4AA2-8DFA-0C48E91954C0}.Debug|Mixed Platforms.Build.0 = Debug|Any CPU
		{B1A30168-7626-4AA2-8DFA-0C48E91954C0}.Debug|x86.ActiveCfg = Debug|Any CPU
		{B1A30168-7626-4AA2-8DFA-0C48E91954C0}.Debug|x86.Build.0 = Debug|Any CPU
		{B1A30168-7626-4AA2-8DFA-0C48E91954C0}.DebugLocal|Any CPU.ActiveCfg = Debug|Any CPU
		{B1A30168-7626-4AA2-8DFA-0C48E91954C0}.DebugLocal|Any CPU.Build.0 = Debug|Any CPU
		{B1A30168-7626-4AA2-8DFA-0C48E91954C0}.DebugLocal|Mixed Platforms.ActiveCfg = Debug|Any CPU
		{B1A30168-7626-4AA2-8DFA-0C48E91954C0}.DebugLocal|Mixed Platforms.Build.0 = Debug|Any CPU
		{B1A30168-7626-4AA2-8DFA-0C48E91954C0}.DebugLocal|x86.ActiveCfg = Debug|Any CPU
		{B1A30168-7626-4AA2-8DFA-0C48E91954C0}.GestaoEscolar|Any CPU.ActiveCfg = Release|Any CPU
		{B1A30168-7626-4AA2-8DFA-0C48E91954C0}.GestaoEscolar|Any CPU.Build.0 = Release|Any CPU
		{B1A30168-7626-4AA2-8DFA-0C48E91954C0}.GestaoEscolar|Mixed Platforms.ActiveCfg = Release|Any CPU
		{B1A30168-7626-4AA2-8DFA-0C48E91954C0}.GestaoEscolar|Mixed Platforms.Build.0 = Release|Any CPU
		{B1A30168-7626-4AA2-8DFA-0C48E91954C0}.GestaoEscolar|x86.ActiveCfg = Release|Any CPU
		{B1A30168-7626-4AA2-8DFA-0C48E91954C0}.Release Serviços|Any CPU.ActiveCfg = Release|Any CPU
		{B1A30168-7626-4AA2-8DFA-0C48E91954C0}.Release Serviços|Mixed Platforms.ActiveCfg = Release|Any CPU
		{B1A30168-7626-4AA2-8DFA-0C48E91954C0}.Release Serviços|x86.ActiveCfg = Release|Any CPU
		{B1A30168-7626-4AA2-8DFA-0C48E91954C0}.Release|Any CPU.ActiveCfg = Release|Any CPU
		{B1A30168-7626-4AA2-8DFA-0C48E91954C0}.Release|Any CPU.Build.0 = Release|Any CPU
		{B1A30168-7626-4AA2-8DFA-0C48E91954C0}.Release|Mixed Platforms.ActiveCfg = Release|Any CPU
		{B1A30168-7626-4AA2-8DFA-0C48E91954C0}.Release|Mixed Platforms.Build.0 = Release|Any CPU
		{B1A30168-7626-4AA2-8DFA-0C48E91954C0}.Release|x86.ActiveCfg = Release|Any CPU
		{B1A30168-7626-4AA2-8DFA-0C48E91954C0}.ReleaseAlunos|Any CPU.ActiveCfg = ReleaseAlunos|Any CPU
		{B1A30168-7626-4AA2-8DFA-0C48E91954C0}.ReleaseAlunos|Any CPU.Build.0 = ReleaseAlunos|Any CPU
		{B1A30168-7626-4AA2-8DFA-0C48E91954C0}.ReleaseAlunos|Mixed Platforms.ActiveCfg = ReleaseAlunos|Any CPU
		{B1A30168-7626-4AA2-8DFA-0C48E91954C0}.ReleaseAlunos|Mixed Platforms.Build.0 = ReleaseAlunos|Any CPU
		{B1A30168-7626-4AA2-8DFA-0C48E91954C0}.ReleaseAlunos|x86.ActiveCfg = ReleaseAlunos|Any CPU
		{1DC26E20-22F9-4197-BA74-677B5882F203}.Debug|Any CPU.ActiveCfg = Debug|Any CPU
		{1DC26E20-22F9-4197-BA74-677B5882F203}.Debug|Any CPU.Build.0 = Debug|Any CPU
		{1DC26E20-22F9-4197-BA74-677B5882F203}.Debug|Mixed Platforms.ActiveCfg = Debug|Any CPU
		{1DC26E20-22F9-4197-BA74-677B5882F203}.Debug|Mixed Platforms.Build.0 = Debug|Any CPU
		{1DC26E20-22F9-4197-BA74-677B5882F203}.Debug|x86.ActiveCfg = Debug|Any CPU
		{1DC26E20-22F9-4197-BA74-677B5882F203}.Debug|x86.Build.0 = Debug|Any CPU
		{1DC26E20-22F9-4197-BA74-677B5882F203}.DebugLocal|Any CPU.ActiveCfg = Debug|Any CPU
		{1DC26E20-22F9-4197-BA74-677B5882F203}.DebugLocal|Any CPU.Build.0 = Debug|Any CPU
		{1DC26E20-22F9-4197-BA74-677B5882F203}.DebugLocal|Mixed Platforms.ActiveCfg = Debug|Any CPU
		{1DC26E20-22F9-4197-BA74-677B5882F203}.DebugLocal|Mixed Platforms.Build.0 = Debug|Any CPU
		{1DC26E20-22F9-4197-BA74-677B5882F203}.DebugLocal|x86.ActiveCfg = Debug|Any CPU
		{1DC26E20-22F9-4197-BA74-677B5882F203}.GestaoEscolar|Any CPU.ActiveCfg = Release|Any CPU
		{1DC26E20-22F9-4197-BA74-677B5882F203}.GestaoEscolar|Any CPU.Build.0 = Release|Any CPU
		{1DC26E20-22F9-4197-BA74-677B5882F203}.GestaoEscolar|Mixed Platforms.ActiveCfg = Release|Any CPU
		{1DC26E20-22F9-4197-BA74-677B5882F203}.GestaoEscolar|Mixed Platforms.Build.0 = Release|Any CPU
		{1DC26E20-22F9-4197-BA74-677B5882F203}.GestaoEscolar|x86.ActiveCfg = Release|Any CPU
		{1DC26E20-22F9-4197-BA74-677B5882F203}.Release Serviços|Any CPU.ActiveCfg = Release|Any CPU
		{1DC26E20-22F9-4197-BA74-677B5882F203}.Release Serviços|Any CPU.Build.0 = Release|Any CPU
		{1DC26E20-22F9-4197-BA74-677B5882F203}.Release Serviços|Mixed Platforms.ActiveCfg = Release|Any CPU
		{1DC26E20-22F9-4197-BA74-677B5882F203}.Release Serviços|Mixed Platforms.Build.0 = Release|Any CPU
		{1DC26E20-22F9-4197-BA74-677B5882F203}.Release Serviços|x86.ActiveCfg = Release|Any CPU
		{1DC26E20-22F9-4197-BA74-677B5882F203}.Release|Any CPU.ActiveCfg = Release|Any CPU
		{1DC26E20-22F9-4197-BA74-677B5882F203}.Release|Any CPU.Build.0 = Release|Any CPU
		{1DC26E20-22F9-4197-BA74-677B5882F203}.Release|Mixed Platforms.ActiveCfg = Release|Any CPU
		{1DC26E20-22F9-4197-BA74-677B5882F203}.Release|Mixed Platforms.Build.0 = Release|Any CPU
		{1DC26E20-22F9-4197-BA74-677B5882F203}.Release|x86.ActiveCfg = Release|Any CPU
		{1DC26E20-22F9-4197-BA74-677B5882F203}.ReleaseAlunos|Any CPU.ActiveCfg = ReleaseAlunos|Any CPU
		{1DC26E20-22F9-4197-BA74-677B5882F203}.ReleaseAlunos|Any CPU.Build.0 = ReleaseAlunos|Any CPU
		{1DC26E20-22F9-4197-BA74-677B5882F203}.ReleaseAlunos|Mixed Platforms.ActiveCfg = ReleaseAlunos|Any CPU
		{1DC26E20-22F9-4197-BA74-677B5882F203}.ReleaseAlunos|Mixed Platforms.Build.0 = ReleaseAlunos|Any CPU
		{1DC26E20-22F9-4197-BA74-677B5882F203}.ReleaseAlunos|x86.ActiveCfg = ReleaseAlunos|Any CPU
		{1CF1E620-6B79-4958-AD24-C6C0D9F8D372}.Debug|Any CPU.ActiveCfg = Debug|Any CPU
		{1CF1E620-6B79-4958-AD24-C6C0D9F8D372}.Debug|Mixed Platforms.ActiveCfg = Debug|Any CPU
		{1CF1E620-6B79-4958-AD24-C6C0D9F8D372}.Debug|Mixed Platforms.Build.0 = Debug|Any CPU
		{1CF1E620-6B79-4958-AD24-C6C0D9F8D372}.Debug|x86.ActiveCfg = Debug|Any CPU
		{1CF1E620-6B79-4958-AD24-C6C0D9F8D372}.DebugLocal|Any CPU.ActiveCfg = Debug|Any CPU
		{1CF1E620-6B79-4958-AD24-C6C0D9F8D372}.DebugLocal|Any CPU.Build.0 = Debug|Any CPU
		{1CF1E620-6B79-4958-AD24-C6C0D9F8D372}.DebugLocal|Mixed Platforms.ActiveCfg = Debug|Any CPU
		{1CF1E620-6B79-4958-AD24-C6C0D9F8D372}.DebugLocal|Mixed Platforms.Build.0 = Debug|Any CPU
		{1CF1E620-6B79-4958-AD24-C6C0D9F8D372}.DebugLocal|x86.ActiveCfg = Debug|Any CPU
		{1CF1E620-6B79-4958-AD24-C6C0D9F8D372}.GestaoEscolar|Any CPU.ActiveCfg = Release|Any CPU
		{1CF1E620-6B79-4958-AD24-C6C0D9F8D372}.GestaoEscolar|Any CPU.Build.0 = Release|Any CPU
		{1CF1E620-6B79-4958-AD24-C6C0D9F8D372}.GestaoEscolar|Mixed Platforms.ActiveCfg = Release|Any CPU
		{1CF1E620-6B79-4958-AD24-C6C0D9F8D372}.GestaoEscolar|Mixed Platforms.Build.0 = Release|Any CPU
		{1CF1E620-6B79-4958-AD24-C6C0D9F8D372}.GestaoEscolar|x86.ActiveCfg = Release|Any CPU
		{1CF1E620-6B79-4958-AD24-C6C0D9F8D372}.Release Serviços|Any CPU.ActiveCfg = Release|Any CPU
		{1CF1E620-6B79-4958-AD24-C6C0D9F8D372}.Release Serviços|Any CPU.Build.0 = Release|Any CPU
		{1CF1E620-6B79-4958-AD24-C6C0D9F8D372}.Release Serviços|Mixed Platforms.ActiveCfg = Release|Any CPU
		{1CF1E620-6B79-4958-AD24-C6C0D9F8D372}.Release Serviços|Mixed Platforms.Build.0 = Release|Any CPU
		{1CF1E620-6B79-4958-AD24-C6C0D9F8D372}.Release Serviços|x86.ActiveCfg = Release|Any CPU
		{1CF1E620-6B79-4958-AD24-C6C0D9F8D372}.Release|Any CPU.ActiveCfg = Release|Any CPU
		{1CF1E620-6B79-4958-AD24-C6C0D9F8D372}.Release|Any CPU.Build.0 = Release|Any CPU
		{1CF1E620-6B79-4958-AD24-C6C0D9F8D372}.Release|Mixed Platforms.ActiveCfg = Release|Any CPU
		{1CF1E620-6B79-4958-AD24-C6C0D9F8D372}.Release|Mixed Platforms.Build.0 = Release|Any CPU
		{1CF1E620-6B79-4958-AD24-C6C0D9F8D372}.Release|x86.ActiveCfg = Release|Any CPU
		{1CF1E620-6B79-4958-AD24-C6C0D9F8D372}.ReleaseAlunos|Any CPU.ActiveCfg = Release|Any CPU
		{1CF1E620-6B79-4958-AD24-C6C0D9F8D372}.ReleaseAlunos|Any CPU.Build.0 = Release|Any CPU
		{1CF1E620-6B79-4958-AD24-C6C0D9F8D372}.ReleaseAlunos|Mixed Platforms.ActiveCfg = Release|Any CPU
		{1CF1E620-6B79-4958-AD24-C6C0D9F8D372}.ReleaseAlunos|Mixed Platforms.Build.0 = Release|Any CPU
		{1CF1E620-6B79-4958-AD24-C6C0D9F8D372}.ReleaseAlunos|x86.ActiveCfg = Release|Any CPU
		{013609F4-D499-47D6-AA44-83B9F796F051}.Debug|Any CPU.ActiveCfg = Debug|Any CPU
		{013609F4-D499-47D6-AA44-83B9F796F051}.Debug|Mixed Platforms.ActiveCfg = Debug|Any CPU
		{013609F4-D499-47D6-AA44-83B9F796F051}.Debug|Mixed Platforms.Build.0 = Debug|Any CPU
		{013609F4-D499-47D6-AA44-83B9F796F051}.Debug|x86.ActiveCfg = Debug|Any CPU
		{013609F4-D499-47D6-AA44-83B9F796F051}.DebugLocal|Any CPU.ActiveCfg = Debug|Any CPU
		{013609F4-D499-47D6-AA44-83B9F796F051}.DebugLocal|Any CPU.Build.0 = Debug|Any CPU
		{013609F4-D499-47D6-AA44-83B9F796F051}.DebugLocal|Mixed Platforms.ActiveCfg = Debug|Any CPU
		{013609F4-D499-47D6-AA44-83B9F796F051}.DebugLocal|Mixed Platforms.Build.0 = Debug|Any CPU
		{013609F4-D499-47D6-AA44-83B9F796F051}.DebugLocal|x86.ActiveCfg = Debug|Any CPU
		{013609F4-D499-47D6-AA44-83B9F796F051}.GestaoEscolar|Any CPU.ActiveCfg = Release|Any CPU
		{013609F4-D499-47D6-AA44-83B9F796F051}.GestaoEscolar|Any CPU.Build.0 = Release|Any CPU
		{013609F4-D499-47D6-AA44-83B9F796F051}.GestaoEscolar|Mixed Platforms.ActiveCfg = Release|Any CPU
		{013609F4-D499-47D6-AA44-83B9F796F051}.GestaoEscolar|Mixed Platforms.Build.0 = Release|Any CPU
		{013609F4-D499-47D6-AA44-83B9F796F051}.GestaoEscolar|x86.ActiveCfg = Release|Any CPU
		{013609F4-D499-47D6-AA44-83B9F796F051}.Release Serviços|Any CPU.ActiveCfg = Release|Any CPU
		{013609F4-D499-47D6-AA44-83B9F796F051}.Release Serviços|Any CPU.Build.0 = Release|Any CPU
		{013609F4-D499-47D6-AA44-83B9F796F051}.Release Serviços|Mixed Platforms.ActiveCfg = Release|Any CPU
		{013609F4-D499-47D6-AA44-83B9F796F051}.Release Serviços|Mixed Platforms.Build.0 = Release|Any CPU
		{013609F4-D499-47D6-AA44-83B9F796F051}.Release Serviços|x86.ActiveCfg = Release|Any CPU
		{013609F4-D499-47D6-AA44-83B9F796F051}.Release|Any CPU.ActiveCfg = Release|Any CPU
		{013609F4-D499-47D6-AA44-83B9F796F051}.Release|Any CPU.Build.0 = Release|Any CPU
		{013609F4-D499-47D6-AA44-83B9F796F051}.Release|Mixed Platforms.ActiveCfg = Release|Any CPU
		{013609F4-D499-47D6-AA44-83B9F796F051}.Release|Mixed Platforms.Build.0 = Release|Any CPU
		{013609F4-D499-47D6-AA44-83B9F796F051}.Release|x86.ActiveCfg = Release|Any CPU
		{013609F4-D499-47D6-AA44-83B9F796F051}.ReleaseAlunos|Any CPU.ActiveCfg = Release|Any CPU
		{013609F4-D499-47D6-AA44-83B9F796F051}.ReleaseAlunos|Any CPU.Build.0 = Release|Any CPU
		{013609F4-D499-47D6-AA44-83B9F796F051}.ReleaseAlunos|Mixed Platforms.ActiveCfg = Release|Any CPU
		{013609F4-D499-47D6-AA44-83B9F796F051}.ReleaseAlunos|Mixed Platforms.Build.0 = Release|Any CPU
		{013609F4-D499-47D6-AA44-83B9F796F051}.ReleaseAlunos|x86.ActiveCfg = Release|Any CPU
		{B5AC608F-D85A-469A-BCBA-A398C8805DEE}.Debug|Any CPU.ActiveCfg = Debug|Any CPU
		{B5AC608F-D85A-469A-BCBA-A398C8805DEE}.Debug|Mixed Platforms.ActiveCfg = Debug|Any CPU
		{B5AC608F-D85A-469A-BCBA-A398C8805DEE}.Debug|Mixed Platforms.Build.0 = Debug|Any CPU
		{B5AC608F-D85A-469A-BCBA-A398C8805DEE}.Debug|x86.ActiveCfg = Debug|Any CPU
		{B5AC608F-D85A-469A-BCBA-A398C8805DEE}.DebugLocal|Any CPU.ActiveCfg = Debug|Any CPU
		{B5AC608F-D85A-469A-BCBA-A398C8805DEE}.DebugLocal|Any CPU.Build.0 = Debug|Any CPU
		{B5AC608F-D85A-469A-BCBA-A398C8805DEE}.DebugLocal|Mixed Platforms.ActiveCfg = Debug|Any CPU
		{B5AC608F-D85A-469A-BCBA-A398C8805DEE}.DebugLocal|Mixed Platforms.Build.0 = Debug|Any CPU
		{B5AC608F-D85A-469A-BCBA-A398C8805DEE}.DebugLocal|x86.ActiveCfg = Debug|Any CPU
		{B5AC608F-D85A-469A-BCBA-A398C8805DEE}.GestaoEscolar|Any CPU.ActiveCfg = Release|Any CPU
		{B5AC608F-D85A-469A-BCBA-A398C8805DEE}.GestaoEscolar|Any CPU.Build.0 = Release|Any CPU
		{B5AC608F-D85A-469A-BCBA-A398C8805DEE}.GestaoEscolar|Mixed Platforms.ActiveCfg = Release|Any CPU
		{B5AC608F-D85A-469A-BCBA-A398C8805DEE}.GestaoEscolar|Mixed Platforms.Build.0 = Release|Any CPU
		{B5AC608F-D85A-469A-BCBA-A398C8805DEE}.GestaoEscolar|x86.ActiveCfg = Release|Any CPU
		{B5AC608F-D85A-469A-BCBA-A398C8805DEE}.Release Serviços|Any CPU.ActiveCfg = Release|Any CPU
		{B5AC608F-D85A-469A-BCBA-A398C8805DEE}.Release Serviços|Any CPU.Build.0 = Release|Any CPU
		{B5AC608F-D85A-469A-BCBA-A398C8805DEE}.Release Serviços|Mixed Platforms.ActiveCfg = Release|Any CPU
		{B5AC608F-D85A-469A-BCBA-A398C8805DEE}.Release Serviços|Mixed Platforms.Build.0 = Release|Any CPU
		{B5AC608F-D85A-469A-BCBA-A398C8805DEE}.Release Serviços|x86.ActiveCfg = Release|Any CPU
		{B5AC608F-D85A-469A-BCBA-A398C8805DEE}.Release|Any CPU.ActiveCfg = Release|Any CPU
		{B5AC608F-D85A-469A-BCBA-A398C8805DEE}.Release|Any CPU.Build.0 = Release|Any CPU
		{B5AC608F-D85A-469A-BCBA-A398C8805DEE}.Release|Mixed Platforms.ActiveCfg = Release|Any CPU
		{B5AC608F-D85A-469A-BCBA-A398C8805DEE}.Release|Mixed Platforms.Build.0 = Release|Any CPU
		{B5AC608F-D85A-469A-BCBA-A398C8805DEE}.Release|x86.ActiveCfg = Release|Any CPU
		{B5AC608F-D85A-469A-BCBA-A398C8805DEE}.ReleaseAlunos|Any CPU.ActiveCfg = Release|Any CPU
		{B5AC608F-D85A-469A-BCBA-A398C8805DEE}.ReleaseAlunos|Any CPU.Build.0 = Release|Any CPU
		{B5AC608F-D85A-469A-BCBA-A398C8805DEE}.ReleaseAlunos|Mixed Platforms.ActiveCfg = Release|Any CPU
		{B5AC608F-D85A-469A-BCBA-A398C8805DEE}.ReleaseAlunos|Mixed Platforms.Build.0 = Release|Any CPU
		{B5AC608F-D85A-469A-BCBA-A398C8805DEE}.ReleaseAlunos|x86.ActiveCfg = Release|Any CPU
		{C577C0C8-9482-42AE-8AD2-D704ED17EB2C}.Debug|Any CPU.ActiveCfg = Debug|Any CPU
		{C577C0C8-9482-42AE-8AD2-D704ED17EB2C}.Debug|Mixed Platforms.ActiveCfg = Debug|Any CPU
		{C577C0C8-9482-42AE-8AD2-D704ED17EB2C}.Debug|Mixed Platforms.Build.0 = Debug|Any CPU
		{C577C0C8-9482-42AE-8AD2-D704ED17EB2C}.Debug|x86.ActiveCfg = Debug|Any CPU
		{C577C0C8-9482-42AE-8AD2-D704ED17EB2C}.DebugLocal|Any CPU.ActiveCfg = Debug|Any CPU
		{C577C0C8-9482-42AE-8AD2-D704ED17EB2C}.DebugLocal|Any CPU.Build.0 = Debug|Any CPU
		{C577C0C8-9482-42AE-8AD2-D704ED17EB2C}.DebugLocal|Mixed Platforms.ActiveCfg = Debug|Any CPU
		{C577C0C8-9482-42AE-8AD2-D704ED17EB2C}.DebugLocal|Mixed Platforms.Build.0 = Debug|Any CPU
		{C577C0C8-9482-42AE-8AD2-D704ED17EB2C}.DebugLocal|x86.ActiveCfg = Debug|Any CPU
		{C577C0C8-9482-42AE-8AD2-D704ED17EB2C}.GestaoEscolar|Any CPU.ActiveCfg = Release|Any CPU
		{C577C0C8-9482-42AE-8AD2-D704ED17EB2C}.GestaoEscolar|Any CPU.Build.0 = Release|Any CPU
		{C577C0C8-9482-42AE-8AD2-D704ED17EB2C}.GestaoEscolar|Mixed Platforms.ActiveCfg = Release|Any CPU
		{C577C0C8-9482-42AE-8AD2-D704ED17EB2C}.GestaoEscolar|Mixed Platforms.Build.0 = Release|Any CPU
		{C577C0C8-9482-42AE-8AD2-D704ED17EB2C}.GestaoEscolar|x86.ActiveCfg = Release|Any CPU
		{C577C0C8-9482-42AE-8AD2-D704ED17EB2C}.Release Serviços|Any CPU.ActiveCfg = Release|Any CPU
		{C577C0C8-9482-42AE-8AD2-D704ED17EB2C}.Release Serviços|Any CPU.Build.0 = Release|Any CPU
		{C577C0C8-9482-42AE-8AD2-D704ED17EB2C}.Release Serviços|Mixed Platforms.ActiveCfg = Release|Any CPU
		{C577C0C8-9482-42AE-8AD2-D704ED17EB2C}.Release Serviços|Mixed Platforms.Build.0 = Release|Any CPU
		{C577C0C8-9482-42AE-8AD2-D704ED17EB2C}.Release Serviços|x86.ActiveCfg = Release|Any CPU
		{C577C0C8-9482-42AE-8AD2-D704ED17EB2C}.Release|Any CPU.ActiveCfg = Release|Any CPU
		{C577C0C8-9482-42AE-8AD2-D704ED17EB2C}.Release|Any CPU.Build.0 = Release|Any CPU
		{C577C0C8-9482-42AE-8AD2-D704ED17EB2C}.Release|Mixed Platforms.ActiveCfg = Release|Any CPU
		{C577C0C8-9482-42AE-8AD2-D704ED17EB2C}.Release|Mixed Platforms.Build.0 = Release|Any CPU
		{C577C0C8-9482-42AE-8AD2-D704ED17EB2C}.Release|x86.ActiveCfg = Release|Any CPU
		{C577C0C8-9482-42AE-8AD2-D704ED17EB2C}.ReleaseAlunos|Any CPU.ActiveCfg = Release|Any CPU
		{C577C0C8-9482-42AE-8AD2-D704ED17EB2C}.ReleaseAlunos|Mixed Platforms.ActiveCfg = Release|Any CPU
		{C577C0C8-9482-42AE-8AD2-D704ED17EB2C}.ReleaseAlunos|Mixed Platforms.Build.0 = Release|Any CPU
		{C577C0C8-9482-42AE-8AD2-D704ED17EB2C}.ReleaseAlunos|x86.ActiveCfg = Release|Any CPU
		{75471803-1DEC-44AE-8699-DAFE1334BFBF}.Debug|Any CPU.ActiveCfg = Debug|Any CPU
		{75471803-1DEC-44AE-8699-DAFE1334BFBF}.Debug|Any CPU.Build.0 = Debug|Any CPU
		{75471803-1DEC-44AE-8699-DAFE1334BFBF}.Debug|Mixed Platforms.ActiveCfg = Debug|Any CPU
		{75471803-1DEC-44AE-8699-DAFE1334BFBF}.Debug|Mixed Platforms.Build.0 = Debug|Any CPU
		{75471803-1DEC-44AE-8699-DAFE1334BFBF}.Debug|x86.ActiveCfg = Debug|Any CPU
		{75471803-1DEC-44AE-8699-DAFE1334BFBF}.Debug|x86.Build.0 = Debug|Any CPU
		{75471803-1DEC-44AE-8699-DAFE1334BFBF}.DebugLocal|Any CPU.ActiveCfg = Debug|Any CPU
		{75471803-1DEC-44AE-8699-DAFE1334BFBF}.DebugLocal|Any CPU.Build.0 = Debug|Any CPU
		{75471803-1DEC-44AE-8699-DAFE1334BFBF}.DebugLocal|Mixed Platforms.ActiveCfg = Debug|Any CPU
		{75471803-1DEC-44AE-8699-DAFE1334BFBF}.DebugLocal|Mixed Platforms.Build.0 = Debug|Any CPU
		{75471803-1DEC-44AE-8699-DAFE1334BFBF}.DebugLocal|x86.ActiveCfg = Debug|Any CPU
		{75471803-1DEC-44AE-8699-DAFE1334BFBF}.DebugLocal|x86.Build.0 = Debug|Any CPU
		{75471803-1DEC-44AE-8699-DAFE1334BFBF}.GestaoEscolar|Any CPU.ActiveCfg = Release|Any CPU
		{75471803-1DEC-44AE-8699-DAFE1334BFBF}.GestaoEscolar|Any CPU.Build.0 = Release|Any CPU
		{75471803-1DEC-44AE-8699-DAFE1334BFBF}.GestaoEscolar|Mixed Platforms.ActiveCfg = Release|Any CPU
		{75471803-1DEC-44AE-8699-DAFE1334BFBF}.GestaoEscolar|Mixed Platforms.Build.0 = Release|Any CPU
		{75471803-1DEC-44AE-8699-DAFE1334BFBF}.GestaoEscolar|x86.ActiveCfg = Release|Any CPU
		{75471803-1DEC-44AE-8699-DAFE1334BFBF}.GestaoEscolar|x86.Build.0 = Release|Any CPU
		{75471803-1DEC-44AE-8699-DAFE1334BFBF}.Release Serviços|Any CPU.ActiveCfg = Release|Any CPU
		{75471803-1DEC-44AE-8699-DAFE1334BFBF}.Release Serviços|Any CPU.Build.0 = Release|Any CPU
		{75471803-1DEC-44AE-8699-DAFE1334BFBF}.Release Serviços|Mixed Platforms.ActiveCfg = Release|Any CPU
		{75471803-1DEC-44AE-8699-DAFE1334BFBF}.Release Serviços|Mixed Platforms.Build.0 = Release|Any CPU
		{75471803-1DEC-44AE-8699-DAFE1334BFBF}.Release Serviços|x86.ActiveCfg = Release|Any CPU
		{75471803-1DEC-44AE-8699-DAFE1334BFBF}.Release Serviços|x86.Build.0 = Release|Any CPU
		{75471803-1DEC-44AE-8699-DAFE1334BFBF}.Release|Any CPU.ActiveCfg = Release|Any CPU
		{75471803-1DEC-44AE-8699-DAFE1334BFBF}.Release|Any CPU.Build.0 = Release|Any CPU
		{75471803-1DEC-44AE-8699-DAFE1334BFBF}.Release|Mixed Platforms.ActiveCfg = Release|Any CPU
		{75471803-1DEC-44AE-8699-DAFE1334BFBF}.Release|Mixed Platforms.Build.0 = Release|Any CPU
		{75471803-1DEC-44AE-8699-DAFE1334BFBF}.Release|x86.ActiveCfg = Release|Any CPU
		{75471803-1DEC-44AE-8699-DAFE1334BFBF}.Release|x86.Build.0 = Release|Any CPU
		{75471803-1DEC-44AE-8699-DAFE1334BFBF}.ReleaseAlunos|Any CPU.ActiveCfg = Release|Any CPU
		{75471803-1DEC-44AE-8699-DAFE1334BFBF}.ReleaseAlunos|Any CPU.Build.0 = Release|Any CPU
		{75471803-1DEC-44AE-8699-DAFE1334BFBF}.ReleaseAlunos|Mixed Platforms.ActiveCfg = Release|Any CPU
		{75471803-1DEC-44AE-8699-DAFE1334BFBF}.ReleaseAlunos|Mixed Platforms.Build.0 = Release|Any CPU
		{75471803-1DEC-44AE-8699-DAFE1334BFBF}.ReleaseAlunos|x86.ActiveCfg = Release|Any CPU
		{75471803-1DEC-44AE-8699-DAFE1334BFBF}.ReleaseAlunos|x86.Build.0 = Release|Any CPU
		{556E9FB5-CD7A-4ED6-8E58-4CB456CEB8BB}.Debug|Any CPU.ActiveCfg = Debug|Any CPU
		{556E9FB5-CD7A-4ED6-8E58-4CB456CEB8BB}.Debug|Any CPU.Build.0 = Debug|Any CPU
		{556E9FB5-CD7A-4ED6-8E58-4CB456CEB8BB}.Debug|Mixed Platforms.ActiveCfg = Debug|Any CPU
		{556E9FB5-CD7A-4ED6-8E58-4CB456CEB8BB}.Debug|Mixed Platforms.Build.0 = Debug|Any CPU
		{556E9FB5-CD7A-4ED6-8E58-4CB456CEB8BB}.Debug|x86.ActiveCfg = Debug|Any CPU
		{556E9FB5-CD7A-4ED6-8E58-4CB456CEB8BB}.Debug|x86.Build.0 = Debug|Any CPU
		{556E9FB5-CD7A-4ED6-8E58-4CB456CEB8BB}.DebugLocal|Any CPU.ActiveCfg = Debug|Any CPU
		{556E9FB5-CD7A-4ED6-8E58-4CB456CEB8BB}.DebugLocal|Any CPU.Build.0 = Debug|Any CPU
		{556E9FB5-CD7A-4ED6-8E58-4CB456CEB8BB}.DebugLocal|Mixed Platforms.ActiveCfg = Debug|Any CPU
		{556E9FB5-CD7A-4ED6-8E58-4CB456CEB8BB}.DebugLocal|Mixed Platforms.Build.0 = Debug|Any CPU
		{556E9FB5-CD7A-4ED6-8E58-4CB456CEB8BB}.DebugLocal|x86.ActiveCfg = Debug|Any CPU
		{556E9FB5-CD7A-4ED6-8E58-4CB456CEB8BB}.DebugLocal|x86.Build.0 = Debug|Any CPU
		{556E9FB5-CD7A-4ED6-8E58-4CB456CEB8BB}.GestaoEscolar|Any CPU.ActiveCfg = Release|Any CPU
		{556E9FB5-CD7A-4ED6-8E58-4CB456CEB8BB}.GestaoEscolar|Any CPU.Build.0 = Release|Any CPU
		{556E9FB5-CD7A-4ED6-8E58-4CB456CEB8BB}.GestaoEscolar|Mixed Platforms.ActiveCfg = Release|Any CPU
		{556E9FB5-CD7A-4ED6-8E58-4CB456CEB8BB}.GestaoEscolar|Mixed Platforms.Build.0 = Release|Any CPU
		{556E9FB5-CD7A-4ED6-8E58-4CB456CEB8BB}.GestaoEscolar|x86.ActiveCfg = Release|Any CPU
		{556E9FB5-CD7A-4ED6-8E58-4CB456CEB8BB}.GestaoEscolar|x86.Build.0 = Release|Any CPU
		{556E9FB5-CD7A-4ED6-8E58-4CB456CEB8BB}.Release Serviços|Any CPU.ActiveCfg = Release|Any CPU
		{556E9FB5-CD7A-4ED6-8E58-4CB456CEB8BB}.Release Serviços|Any CPU.Build.0 = Release|Any CPU
		{556E9FB5-CD7A-4ED6-8E58-4CB456CEB8BB}.Release Serviços|Mixed Platforms.ActiveCfg = Release|Any CPU
		{556E9FB5-CD7A-4ED6-8E58-4CB456CEB8BB}.Release Serviços|Mixed Platforms.Build.0 = Release|Any CPU
		{556E9FB5-CD7A-4ED6-8E58-4CB456CEB8BB}.Release Serviços|x86.ActiveCfg = Release|Any CPU
		{556E9FB5-CD7A-4ED6-8E58-4CB456CEB8BB}.Release Serviços|x86.Build.0 = Release|Any CPU
		{556E9FB5-CD7A-4ED6-8E58-4CB456CEB8BB}.Release|Any CPU.ActiveCfg = Release|Any CPU
		{556E9FB5-CD7A-4ED6-8E58-4CB456CEB8BB}.Release|Any CPU.Build.0 = Release|Any CPU
		{556E9FB5-CD7A-4ED6-8E58-4CB456CEB8BB}.Release|Mixed Platforms.ActiveCfg = Release|Any CPU
		{556E9FB5-CD7A-4ED6-8E58-4CB456CEB8BB}.Release|Mixed Platforms.Build.0 = Release|Any CPU
		{556E9FB5-CD7A-4ED6-8E58-4CB456CEB8BB}.Release|x86.ActiveCfg = Release|Any CPU
		{556E9FB5-CD7A-4ED6-8E58-4CB456CEB8BB}.Release|x86.Build.0 = Release|Any CPU
		{556E9FB5-CD7A-4ED6-8E58-4CB456CEB8BB}.ReleaseAlunos|Any CPU.ActiveCfg = Release|Any CPU
		{556E9FB5-CD7A-4ED6-8E58-4CB456CEB8BB}.ReleaseAlunos|Any CPU.Build.0 = Release|Any CPU
		{556E9FB5-CD7A-4ED6-8E58-4CB456CEB8BB}.ReleaseAlunos|Mixed Platforms.ActiveCfg = Release|Any CPU
		{556E9FB5-CD7A-4ED6-8E58-4CB456CEB8BB}.ReleaseAlunos|Mixed Platforms.Build.0 = Release|Any CPU
		{556E9FB5-CD7A-4ED6-8E58-4CB456CEB8BB}.ReleaseAlunos|x86.ActiveCfg = Release|Any CPU
		{556E9FB5-CD7A-4ED6-8E58-4CB456CEB8BB}.ReleaseAlunos|x86.Build.0 = Release|Any CPU
		{EADF70C0-7FF0-4292-BE9E-632369BB053A}.Debug|Any CPU.ActiveCfg = Debug|Any CPU
		{EADF70C0-7FF0-4292-BE9E-632369BB053A}.Debug|Any CPU.Build.0 = Debug|Any CPU
		{EADF70C0-7FF0-4292-BE9E-632369BB053A}.Debug|Mixed Platforms.ActiveCfg = Debug|Any CPU
		{EADF70C0-7FF0-4292-BE9E-632369BB053A}.Debug|Mixed Platforms.Build.0 = Debug|Any CPU
		{EADF70C0-7FF0-4292-BE9E-632369BB053A}.Debug|x86.ActiveCfg = Debug|Any CPU
		{EADF70C0-7FF0-4292-BE9E-632369BB053A}.Debug|x86.Build.0 = Debug|Any CPU
		{EADF70C0-7FF0-4292-BE9E-632369BB053A}.DebugLocal|Any CPU.ActiveCfg = Debug|Any CPU
		{EADF70C0-7FF0-4292-BE9E-632369BB053A}.DebugLocal|Any CPU.Build.0 = Debug|Any CPU
		{EADF70C0-7FF0-4292-BE9E-632369BB053A}.DebugLocal|Mixed Platforms.ActiveCfg = Debug|Any CPU
		{EADF70C0-7FF0-4292-BE9E-632369BB053A}.DebugLocal|Mixed Platforms.Build.0 = Debug|Any CPU
		{EADF70C0-7FF0-4292-BE9E-632369BB053A}.DebugLocal|x86.ActiveCfg = Debug|Any CPU
		{EADF70C0-7FF0-4292-BE9E-632369BB053A}.DebugLocal|x86.Build.0 = Debug|Any CPU
		{EADF70C0-7FF0-4292-BE9E-632369BB053A}.GestaoEscolar|Any CPU.ActiveCfg = Release|Any CPU
		{EADF70C0-7FF0-4292-BE9E-632369BB053A}.GestaoEscolar|Any CPU.Build.0 = Release|Any CPU
		{EADF70C0-7FF0-4292-BE9E-632369BB053A}.GestaoEscolar|Mixed Platforms.ActiveCfg = Release|Any CPU
		{EADF70C0-7FF0-4292-BE9E-632369BB053A}.GestaoEscolar|Mixed Platforms.Build.0 = Release|Any CPU
		{EADF70C0-7FF0-4292-BE9E-632369BB053A}.GestaoEscolar|x86.ActiveCfg = Release|Any CPU
		{EADF70C0-7FF0-4292-BE9E-632369BB053A}.GestaoEscolar|x86.Build.0 = Release|Any CPU
		{EADF70C0-7FF0-4292-BE9E-632369BB053A}.Release Serviços|Any CPU.ActiveCfg = Release|Any CPU
		{EADF70C0-7FF0-4292-BE9E-632369BB053A}.Release Serviços|Any CPU.Build.0 = Release|Any CPU
		{EADF70C0-7FF0-4292-BE9E-632369BB053A}.Release Serviços|Mixed Platforms.ActiveCfg = Release|Any CPU
		{EADF70C0-7FF0-4292-BE9E-632369BB053A}.Release Serviços|Mixed Platforms.Build.0 = Release|Any CPU
		{EADF70C0-7FF0-4292-BE9E-632369BB053A}.Release Serviços|x86.ActiveCfg = Release|Any CPU
		{EADF70C0-7FF0-4292-BE9E-632369BB053A}.Release Serviços|x86.Build.0 = Release|Any CPU
		{EADF70C0-7FF0-4292-BE9E-632369BB053A}.Release|Any CPU.ActiveCfg = Release|Any CPU
		{EADF70C0-7FF0-4292-BE9E-632369BB053A}.Release|Any CPU.Build.0 = Release|Any CPU
		{EADF70C0-7FF0-4292-BE9E-632369BB053A}.Release|Mixed Platforms.ActiveCfg = Release|Any CPU
		{EADF70C0-7FF0-4292-BE9E-632369BB053A}.Release|Mixed Platforms.Build.0 = Release|Any CPU
		{EADF70C0-7FF0-4292-BE9E-632369BB053A}.Release|x86.ActiveCfg = Release|Any CPU
		{EADF70C0-7FF0-4292-BE9E-632369BB053A}.Release|x86.Build.0 = Release|Any CPU
		{EADF70C0-7FF0-4292-BE9E-632369BB053A}.ReleaseAlunos|Any CPU.ActiveCfg = Release|Any CPU
		{EADF70C0-7FF0-4292-BE9E-632369BB053A}.ReleaseAlunos|Any CPU.Build.0 = Release|Any CPU
		{EADF70C0-7FF0-4292-BE9E-632369BB053A}.ReleaseAlunos|Mixed Platforms.ActiveCfg = Release|Any CPU
		{EADF70C0-7FF0-4292-BE9E-632369BB053A}.ReleaseAlunos|Mixed Platforms.Build.0 = Release|Any CPU
		{EADF70C0-7FF0-4292-BE9E-632369BB053A}.ReleaseAlunos|x86.ActiveCfg = Release|Any CPU
		{EADF70C0-7FF0-4292-BE9E-632369BB053A}.ReleaseAlunos|x86.Build.0 = Release|Any CPU
		{6376EB97-0276-4C31-BA63-62B2D8FA6A72}.Debug|Any CPU.ActiveCfg = Debug|Any CPU
		{6376EB97-0276-4C31-BA63-62B2D8FA6A72}.Debug|Any CPU.Build.0 = Debug|Any CPU
		{6376EB97-0276-4C31-BA63-62B2D8FA6A72}.Debug|Mixed Platforms.ActiveCfg = Debug|Any CPU
		{6376EB97-0276-4C31-BA63-62B2D8FA6A72}.Debug|Mixed Platforms.Build.0 = Debug|Any CPU
		{6376EB97-0276-4C31-BA63-62B2D8FA6A72}.Debug|x86.ActiveCfg = Debug|Any CPU
		{6376EB97-0276-4C31-BA63-62B2D8FA6A72}.Debug|x86.Build.0 = Debug|Any CPU
		{6376EB97-0276-4C31-BA63-62B2D8FA6A72}.DebugLocal|Any CPU.ActiveCfg = Debug|Any CPU
		{6376EB97-0276-4C31-BA63-62B2D8FA6A72}.DebugLocal|Any CPU.Build.0 = Debug|Any CPU
		{6376EB97-0276-4C31-BA63-62B2D8FA6A72}.DebugLocal|Mixed Platforms.ActiveCfg = Debug|Any CPU
		{6376EB97-0276-4C31-BA63-62B2D8FA6A72}.DebugLocal|Mixed Platforms.Build.0 = Debug|Any CPU
		{6376EB97-0276-4C31-BA63-62B2D8FA6A72}.DebugLocal|x86.ActiveCfg = Debug|Any CPU
		{6376EB97-0276-4C31-BA63-62B2D8FA6A72}.DebugLocal|x86.Build.0 = Debug|Any CPU
		{6376EB97-0276-4C31-BA63-62B2D8FA6A72}.GestaoEscolar|Any CPU.ActiveCfg = Release|Any CPU
		{6376EB97-0276-4C31-BA63-62B2D8FA6A72}.GestaoEscolar|Any CPU.Build.0 = Release|Any CPU
		{6376EB97-0276-4C31-BA63-62B2D8FA6A72}.GestaoEscolar|Mixed Platforms.ActiveCfg = Release|Any CPU
		{6376EB97-0276-4C31-BA63-62B2D8FA6A72}.GestaoEscolar|Mixed Platforms.Build.0 = Release|Any CPU
		{6376EB97-0276-4C31-BA63-62B2D8FA6A72}.GestaoEscolar|x86.ActiveCfg = Release|Any CPU
		{6376EB97-0276-4C31-BA63-62B2D8FA6A72}.GestaoEscolar|x86.Build.0 = Release|Any CPU
		{6376EB97-0276-4C31-BA63-62B2D8FA6A72}.Release Serviços|Any CPU.ActiveCfg = Release|Any CPU
		{6376EB97-0276-4C31-BA63-62B2D8FA6A72}.Release Serviços|Any CPU.Build.0 = Release|Any CPU
		{6376EB97-0276-4C31-BA63-62B2D8FA6A72}.Release Serviços|Mixed Platforms.ActiveCfg = Release|Any CPU
		{6376EB97-0276-4C31-BA63-62B2D8FA6A72}.Release Serviços|Mixed Platforms.Build.0 = Release|Any CPU
		{6376EB97-0276-4C31-BA63-62B2D8FA6A72}.Release Serviços|x86.ActiveCfg = Release|Any CPU
		{6376EB97-0276-4C31-BA63-62B2D8FA6A72}.Release Serviços|x86.Build.0 = Release|Any CPU
		{6376EB97-0276-4C31-BA63-62B2D8FA6A72}.Release|Any CPU.ActiveCfg = Release|Any CPU
		{6376EB97-0276-4C31-BA63-62B2D8FA6A72}.Release|Any CPU.Build.0 = Release|Any CPU
		{6376EB97-0276-4C31-BA63-62B2D8FA6A72}.Release|Mixed Platforms.ActiveCfg = Release|Any CPU
		{6376EB97-0276-4C31-BA63-62B2D8FA6A72}.Release|Mixed Platforms.Build.0 = Release|Any CPU
		{6376EB97-0276-4C31-BA63-62B2D8FA6A72}.Release|x86.ActiveCfg = Release|Any CPU
		{6376EB97-0276-4C31-BA63-62B2D8FA6A72}.Release|x86.Build.0 = Release|Any CPU
		{6376EB97-0276-4C31-BA63-62B2D8FA6A72}.ReleaseAlunos|Any CPU.ActiveCfg = Release|Any CPU
		{6376EB97-0276-4C31-BA63-62B2D8FA6A72}.ReleaseAlunos|Any CPU.Build.0 = Release|Any CPU
		{6376EB97-0276-4C31-BA63-62B2D8FA6A72}.ReleaseAlunos|Mixed Platforms.ActiveCfg = Release|Any CPU
		{6376EB97-0276-4C31-BA63-62B2D8FA6A72}.ReleaseAlunos|Mixed Platforms.Build.0 = Release|Any CPU
		{6376EB97-0276-4C31-BA63-62B2D8FA6A72}.ReleaseAlunos|x86.ActiveCfg = Release|Any CPU
		{6376EB97-0276-4C31-BA63-62B2D8FA6A72}.ReleaseAlunos|x86.Build.0 = Release|Any CPU
		{DB9F6A76-6F76-47AE-8B4A-76D841E3593D}.Debug|Any CPU.ActiveCfg = Debug|Any CPU
		{DB9F6A76-6F76-47AE-8B4A-76D841E3593D}.Debug|Any CPU.Build.0 = Debug|Any CPU
		{DB9F6A76-6F76-47AE-8B4A-76D841E3593D}.Debug|Mixed Platforms.ActiveCfg = Debug|Any CPU
		{DB9F6A76-6F76-47AE-8B4A-76D841E3593D}.Debug|Mixed Platforms.Build.0 = Debug|Any CPU
		{DB9F6A76-6F76-47AE-8B4A-76D841E3593D}.Debug|x86.ActiveCfg = Debug|Any CPU
		{DB9F6A76-6F76-47AE-8B4A-76D841E3593D}.Debug|x86.Build.0 = Debug|Any CPU
		{DB9F6A76-6F76-47AE-8B4A-76D841E3593D}.DebugLocal|Any CPU.ActiveCfg = Debug|Any CPU
		{DB9F6A76-6F76-47AE-8B4A-76D841E3593D}.DebugLocal|Any CPU.Build.0 = Debug|Any CPU
		{DB9F6A76-6F76-47AE-8B4A-76D841E3593D}.DebugLocal|Mixed Platforms.ActiveCfg = Debug|Any CPU
		{DB9F6A76-6F76-47AE-8B4A-76D841E3593D}.DebugLocal|Mixed Platforms.Build.0 = Debug|Any CPU
		{DB9F6A76-6F76-47AE-8B4A-76D841E3593D}.DebugLocal|x86.ActiveCfg = Debug|Any CPU
		{DB9F6A76-6F76-47AE-8B4A-76D841E3593D}.DebugLocal|x86.Build.0 = Debug|Any CPU
		{DB9F6A76-6F76-47AE-8B4A-76D841E3593D}.GestaoEscolar|Any CPU.ActiveCfg = Release|Any CPU
		{DB9F6A76-6F76-47AE-8B4A-76D841E3593D}.GestaoEscolar|Any CPU.Build.0 = Release|Any CPU
		{DB9F6A76-6F76-47AE-8B4A-76D841E3593D}.GestaoEscolar|Mixed Platforms.ActiveCfg = Release|Any CPU
		{DB9F6A76-6F76-47AE-8B4A-76D841E3593D}.GestaoEscolar|Mixed Platforms.Build.0 = Release|Any CPU
		{DB9F6A76-6F76-47AE-8B4A-76D841E3593D}.GestaoEscolar|x86.ActiveCfg = Release|Any CPU
		{DB9F6A76-6F76-47AE-8B4A-76D841E3593D}.GestaoEscolar|x86.Build.0 = Release|Any CPU
		{DB9F6A76-6F76-47AE-8B4A-76D841E3593D}.Release Serviços|Any CPU.ActiveCfg = Release|Any CPU
		{DB9F6A76-6F76-47AE-8B4A-76D841E3593D}.Release Serviços|Any CPU.Build.0 = Release|Any CPU
		{DB9F6A76-6F76-47AE-8B4A-76D841E3593D}.Release Serviços|Mixed Platforms.ActiveCfg = Release|Any CPU
		{DB9F6A76-6F76-47AE-8B4A-76D841E3593D}.Release Serviços|Mixed Platforms.Build.0 = Release|Any CPU
		{DB9F6A76-6F76-47AE-8B4A-76D841E3593D}.Release Serviços|x86.ActiveCfg = Release|Any CPU
		{DB9F6A76-6F76-47AE-8B4A-76D841E3593D}.Release Serviços|x86.Build.0 = Release|Any CPU
		{DB9F6A76-6F76-47AE-8B4A-76D841E3593D}.Release|Any CPU.ActiveCfg = Release|Any CPU
		{DB9F6A76-6F76-47AE-8B4A-76D841E3593D}.Release|Any CPU.Build.0 = Release|Any CPU
		{DB9F6A76-6F76-47AE-8B4A-76D841E3593D}.Release|Mixed Platforms.ActiveCfg = Release|Any CPU
		{DB9F6A76-6F76-47AE-8B4A-76D841E3593D}.Release|Mixed Platforms.Build.0 = Release|Any CPU
		{DB9F6A76-6F76-47AE-8B4A-76D841E3593D}.Release|x86.ActiveCfg = Release|Any CPU
		{DB9F6A76-6F76-47AE-8B4A-76D841E3593D}.Release|x86.Build.0 = Release|Any CPU
		{DB9F6A76-6F76-47AE-8B4A-76D841E3593D}.ReleaseAlunos|Any CPU.ActiveCfg = Release|Any CPU
		{DB9F6A76-6F76-47AE-8B4A-76D841E3593D}.ReleaseAlunos|Any CPU.Build.0 = Release|Any CPU
		{DB9F6A76-6F76-47AE-8B4A-76D841E3593D}.ReleaseAlunos|Mixed Platforms.ActiveCfg = Release|Any CPU
		{DB9F6A76-6F76-47AE-8B4A-76D841E3593D}.ReleaseAlunos|Mixed Platforms.Build.0 = Release|Any CPU
		{DB9F6A76-6F76-47AE-8B4A-76D841E3593D}.ReleaseAlunos|x86.ActiveCfg = Release|Any CPU
		{DB9F6A76-6F76-47AE-8B4A-76D841E3593D}.ReleaseAlunos|x86.Build.0 = Release|Any CPU
	EndGlobalSection
	GlobalSection(SolutionProperties) = preSolution
		HideSolutionNode = FALSE
	EndGlobalSection
	GlobalSection(NestedProjects) = preSolution
		{B7FCEF1D-5F88-4B47-952A-73C6215F743D} = {2074C2EA-162E-45D5-8610-8C74A1CF4EE3}
		{EF63A122-E303-49A0-BB89-05D7E6B89E49} = {2074C2EA-162E-45D5-8610-8C74A1CF4EE3}
		{9D9FCAB2-B05C-483E-8AAE-636E5F8E8849} = {2074C2EA-162E-45D5-8610-8C74A1CF4EE3}
		{7FBAF47D-9F8D-4CCC-9B09-59D04BA5E5FB} = {2074C2EA-162E-45D5-8610-8C74A1CF4EE3}
		{6BB6855D-092B-4874-B4FC-6C533EFDF146} = {631078D9-D45E-4590-9BA8-00A74731EE8D}
		{7D892730-ACAA-419E-A7CC-362B09A7F982} = {2074C2EA-162E-45D5-8610-8C74A1CF4EE3}
		{CCDABCF8-E687-49E0-9624-522ECA6CADA5} = {B3B9995A-3F0F-4B57-9B8D-51DCC750412B}
		{E9662187-3AE6-414C-B8AC-2688D3158419} = {B3B9995A-3F0F-4B57-9B8D-51DCC750412B}
		{4147A1CA-4783-4718-8A5D-79AFA3CB93B5} = {B7FCEF1D-5F88-4B47-952A-73C6215F743D}
		{FA6964EB-E31C-406F-A1D5-A15482CE71D6} = {B7FCEF1D-5F88-4B47-952A-73C6215F743D}
		{9C22F480-D173-413A-843D-5A4799484DB3} = {EF63A122-E303-49A0-BB89-05D7E6B89E49}
		{566A89E0-BFC1-4EEA-8FA0-C590E2FB48BA} = {EF63A122-E303-49A0-BB89-05D7E6B89E49}
		{8D787279-CA20-4E56-81BE-80C962AE9B3E} = {9D9FCAB2-B05C-483E-8AAE-636E5F8E8849}
		{9382E234-40E3-40D1-9A6F-5EF63CF09C90} = {6B734CAA-5F81-46B3-BB95-6181FFEDB15D}
		{74C351F6-E215-4BC5-8BAC-FC2AC147BCE4} = {6B734CAA-5F81-46B3-BB95-6181FFEDB15D}
		{22D3484A-88D9-406E-A724-9F670A026E1B} = {6B734CAA-5F81-46B3-BB95-6181FFEDB15D}
		{D48011AA-467F-40F1-9EE2-788712159152} = {9D9FCAB2-B05C-483E-8AAE-636E5F8E8849}
		{1C0C0417-1689-48C9-A95E-7E7F8FD85463} = {7D892730-ACAA-419E-A7CC-362B09A7F982}
		{B1A30168-7626-4AA2-8DFA-0C48E91954C0} = {9D9FCAB2-B05C-483E-8AAE-636E5F8E8849}
		{1DC26E20-22F9-4197-BA74-677B5882F203} = {EF63A122-E303-49A0-BB89-05D7E6B89E49}
		{1CF1E620-6B79-4958-AD24-C6C0D9F8D372} = {EF63A122-E303-49A0-BB89-05D7E6B89E49}
		{013609F4-D499-47D6-AA44-83B9F796F051} = {B3B9995A-3F0F-4B57-9B8D-51DCC750412B}
		{B5AC608F-D85A-469A-BCBA-A398C8805DEE} = {CCDABCF8-E687-49E0-9624-522ECA6CADA5}
		{C577C0C8-9482-42AE-8AD2-D704ED17EB2C} = {6B734CAA-5F81-46B3-BB95-6181FFEDB15D}
		{75471803-1DEC-44AE-8699-DAFE1334BFBF} = {CD0D5A5D-5F68-47D0-8189-0D0926C71293}
		{556E9FB5-CD7A-4ED6-8E58-4CB456CEB8BB} = {CD0D5A5D-5F68-47D0-8189-0D0926C71293}
		{EADF70C0-7FF0-4292-BE9E-632369BB053A} = {CD0D5A5D-5F68-47D0-8189-0D0926C71293}
		{6376EB97-0276-4C31-BA63-62B2D8FA6A72} = {9D9FCAB2-B05C-483E-8AAE-636E5F8E8849}
		{DB9F6A76-6F76-47AE-8B4A-76D841E3593D} = {6B734CAA-5F81-46B3-BB95-6181FFEDB15D}
	EndGlobalSection
EndGlobal
